// !$*UTF8*$!
{
	archiveVersion = 1;
	classes = {
	};
	objectVersion = 48;
	objects = {

/* Begin PBXBuildFile section */
		5B051F7D7A0662E680DE28DC /* libPods-JATangQiaoBook.a in Frameworks */ = {isa = PBXBuildFile; fileRef = 2F02C2A160CB387C2DB5CB01 /* libPods-JATangQiaoBook.a */; };
		BA12D56D1FBE7CC1009B2006 /* AppDelegate.m in Sources */ = {isa = PBXBuildFile; fileRef = BA12D56C1FBE7CC1009B2006 /* AppDelegate.m */; };
		BA12D5701FBE7CC1009B2006 /* ViewController.m in Sources */ = {isa = PBXBuildFile; fileRef = BA12D56F1FBE7CC1009B2006 /* ViewController.m */; };
		BA12D5731FBE7CC1009B2006 /* Main.storyboard in Resources */ = {isa = PBXBuildFile; fileRef = BA12D5711FBE7CC1009B2006 /* Main.storyboard */; };
		BA12D5751FBE7CC1009B2006 /* Assets.xcassets in Resources */ = {isa = PBXBuildFile; fileRef = BA12D5741FBE7CC1009B2006 /* Assets.xcassets */; };
		BA12D5781FBE7CC1009B2006 /* LaunchScreen.storyboard in Resources */ = {isa = PBXBuildFile; fileRef = BA12D5761FBE7CC1009B2006 /* LaunchScreen.storyboard */; };
		BA12D57B1FBE7CC1009B2006 /* main.m in Sources */ = {isa = PBXBuildFile; fileRef = BA12D57A1FBE7CC1009B2006 /* main.m */; };
		BA12D5851FBE7CC1009B2006 /* JATangQiaoBookTests.m in Sources */ = {isa = PBXBuildFile; fileRef = BA12D5841FBE7CC1009B2006 /* JATangQiaoBookTests.m */; };
		BA12D5901FBE7CC1009B2006 /* JATangQiaoBookUITests.m in Sources */ = {isa = PBXBuildFile; fileRef = BA12D58F1FBE7CC1009B2006 /* JATangQiaoBookUITests.m */; };
		BA12D59F1FBE7D2A009B2006 /* BlockViewController.m in Sources */ = {isa = PBXBuildFile; fileRef = BA12D59E1FBE7D2A009B2006 /* BlockViewController.m */; };
		BA97019C201AB6DA0069908C /* Object-C_Program in Resources */ = {isa = PBXBuildFile; fileRef = BA97019B201AB6DA0069908C /* Object-C_Program */; };
		BA97019F201ABB690069908C /* NewObject.m in Sources */ = {isa = PBXBuildFile; fileRef = BA97019E201ABB690069908C /* NewObject.m */; };
/* End PBXBuildFile section */

/* Begin PBXContainerItemProxy section */
		BA12D5811FBE7CC1009B2006 /* PBXContainerItemProxy */ = {
			isa = PBXContainerItemProxy;
			containerPortal = BA12D5601FBE7CC1009B2006 /* Project object */;
			proxyType = 1;
			remoteGlobalIDString = BA12D5671FBE7CC1009B2006;
			remoteInfo = JATangQiaoBook;
		};
		BA12D58C1FBE7CC1009B2006 /* PBXContainerItemProxy */ = {
			isa = PBXContainerItemProxy;
			containerPortal = BA12D5601FBE7CC1009B2006 /* Project object */;
			proxyType = 1;
			remoteGlobalIDString = BA12D5671FBE7CC1009B2006;
			remoteInfo = JATangQiaoBook;
		};
/* End PBXContainerItemProxy section */

/* Begin PBXFileReference section */
		2F02C2A160CB387C2DB5CB01 /* libPods-JATangQiaoBook.a */ = {isa = PBXFileReference; explicitFileType = archive.ar; includeInIndex = 0; path = "libPods-JATangQiaoBook.a"; sourceTree = BUILT_PRODUCTS_DIR; };
		BA12D5681FBE7CC1009B2006 /* JATangQiaoBook.app */ = {isa = PBXFileReference; explicitFileType = wrapper.application; includeInIndex = 0; path = JATangQiaoBook.app; sourceTree = BUILT_PRODUCTS_DIR; };
		BA12D56B1FBE7CC1009B2006 /* AppDelegate.h */ = {isa = PBXFileReference; lastKnownFileType = sourcecode.c.h; path = AppDelegate.h; sourceTree = "<group>"; };
		BA12D56C1FBE7CC1009B2006 /* AppDelegate.m */ = {isa = PBXFileReference; lastKnownFileType = sourcecode.c.objc; path = AppDelegate.m; sourceTree = "<group>"; };
		BA12D56E1FBE7CC1009B2006 /* ViewController.h */ = {isa = PBXFileReference; lastKnownFileType = sourcecode.c.h; path = ViewController.h; sourceTree = "<group>"; };
		BA12D56F1FBE7CC1009B2006 /* ViewController.m */ = {isa = PBXFileReference; lastKnownFileType = sourcecode.c.objc; path = ViewController.m; sourceTree = "<group>"; };
		BA12D5721FBE7CC1009B2006 /* Base */ = {isa = PBXFileReference; lastKnownFileType = file.storyboard; name = Base; path = Base.lproj/Main.storyboard; sourceTree = "<group>"; };
		BA12D5741FBE7CC1009B2006 /* Assets.xcassets */ = {isa = PBXFileReference; lastKnownFileType = folder.assetcatalog; path = Assets.xcassets; sourceTree = "<group>"; };
		BA12D5771FBE7CC1009B2006 /* Base */ = {isa = PBXFileReference; lastKnownFileType = file.storyboard; name = Base; path = Base.lproj/LaunchScreen.storyboard; sourceTree = "<group>"; };
		BA12D5791FBE7CC1009B2006 /* Info.plist */ = {isa = PBXFileReference; lastKnownFileType = text.plist.xml; path = Info.plist; sourceTree = "<group>"; };
		BA12D57A1FBE7CC1009B2006 /* main.m */ = {isa = PBXFileReference; lastKnownFileType = sourcecode.c.objc; path = main.m; sourceTree = "<group>"; };
		BA12D5801FBE7CC1009B2006 /* JATangQiaoBookTests.xctest */ = {isa = PBXFileReference; explicitFileType = wrapper.cfbundle; includeInIndex = 0; path = JATangQiaoBookTests.xctest; sourceTree = BUILT_PRODUCTS_DIR; };
		BA12D5841FBE7CC1009B2006 /* JATangQiaoBookTests.m */ = {isa = PBXFileReference; lastKnownFileType = sourcecode.c.objc; path = JATangQiaoBookTests.m; sourceTree = "<group>"; };
		BA12D5861FBE7CC1009B2006 /* Info.plist */ = {isa = PBXFileReference; lastKnownFileType = text.plist.xml; path = Info.plist; sourceTree = "<group>"; };
		BA12D58B1FBE7CC1009B2006 /* JATangQiaoBookUITests.xctest */ = {isa = PBXFileReference; explicitFileType = wrapper.cfbundle; includeInIndex = 0; path = JATangQiaoBookUITests.xctest; sourceTree = BUILT_PRODUCTS_DIR; };
		BA12D58F1FBE7CC1009B2006 /* JATangQiaoBookUITests.m */ = {isa = PBXFileReference; lastKnownFileType = sourcecode.c.objc; path = JATangQiaoBookUITests.m; sourceTree = "<group>"; };
		BA12D5911FBE7CC1009B2006 /* Info.plist */ = {isa = PBXFileReference; lastKnownFileType = text.plist.xml; path = Info.plist; sourceTree = "<group>"; };
		BA12D59D1FBE7D2A009B2006 /* BlockViewController.h */ = {isa = PBXFileReference; lastKnownFileType = sourcecode.c.h; path = BlockViewController.h; sourceTree = "<group>"; };
		BA12D59E1FBE7D2A009B2006 /* BlockViewController.m */ = {isa = PBXFileReference; lastKnownFileType = sourcecode.c.objc; path = BlockViewController.m; sourceTree = "<group>"; };
		BA97019B201AB6DA0069908C /* Object-C_Program */ = {isa = PBXFileReference; lastKnownFileType = text; path = "Object-C_Program"; sourceTree = "<group>"; };
		BA97019D201ABB690069908C /* NewObject.h */ = {isa = PBXFileReference; lastKnownFileType = sourcecode.c.h; path = NewObject.h; sourceTree = "<group>"; };
		BA97019E201ABB690069908C /* NewObject.m */ = {isa = PBXFileReference; lastKnownFileType = sourcecode.c.objc; path = NewObject.m; sourceTree = "<group>"; };
		DA6F9F4DDA8DB491AD4269F0 /* Pods-JATangQiaoBook.debug.xcconfig */ = {isa = PBXFileReference; includeInIndex = 1; lastKnownFileType = text.xcconfig; name = "Pods-JATangQiaoBook.debug.xcconfig"; path = "Pods/Target Support Files/Pods-JATangQiaoBook/Pods-JATangQiaoBook.debug.xcconfig"; sourceTree = "<group>"; };
		E8198FE5C1D442181B366C89 /* Pods-JATangQiaoBook.release.xcconfig */ = {isa = PBXFileReference; includeInIndex = 1; lastKnownFileType = text.xcconfig; name = "Pods-JATangQiaoBook.release.xcconfig"; path = "Pods/Target Support Files/Pods-JATangQiaoBook/Pods-JATangQiaoBook.release.xcconfig"; sourceTree = "<group>"; };
/* End PBXFileReference section */

/* Begin PBXFrameworksBuildPhase section */
		BA12D5651FBE7CC1009B2006 /* Frameworks */ = {
			isa = PBXFrameworksBuildPhase;
			buildActionMask = 2147483647;
			files = (
				5B051F7D7A0662E680DE28DC /* libPods-JATangQiaoBook.a in Frameworks */,
			);
			runOnlyForDeploymentPostprocessing = 0;
		};
		BA12D57D1FBE7CC1009B2006 /* Frameworks */ = {
			isa = PBXFrameworksBuildPhase;
			buildActionMask = 2147483647;
			files = (
			);
			runOnlyForDeploymentPostprocessing = 0;
		};
		BA12D5881FBE7CC1009B2006 /* Frameworks */ = {
			isa = PBXFrameworksBuildPhase;
			buildActionMask = 2147483647;
			files = (
			);
			runOnlyForDeploymentPostprocessing = 0;
		};
/* End PBXFrameworksBuildPhase section */

/* Begin PBXGroup section */
		BA12D55F1FBE7CC1009B2006 = {
			isa = PBXGroup;
			children = (
				BA12D56A1FBE7CC1009B2006 /* JATangQiaoBook */,
				BA12D5831FBE7CC1009B2006 /* JATangQiaoBookTests */,
				BA12D58E1FBE7CC1009B2006 /* JATangQiaoBookUITests */,
				BA12D5691FBE7CC1009B2006 /* Products */,
				D7BEFE9FEA82874AEE09006E /* Pods */,
				FE428E30CEE77B6045E8ECCE /* Frameworks */,
			);
			sourceTree = "<group>";
		};
		BA12D5691FBE7CC1009B2006 /* Products */ = {
			isa = PBXGroup;
			children = (
				BA12D5681FBE7CC1009B2006 /* JATangQiaoBook.app */,
				BA12D5801FBE7CC1009B2006 /* JATangQiaoBookTests.xctest */,
				BA12D58B1FBE7CC1009B2006 /* JATangQiaoBookUITests.xctest */,
			);
			name = Products;
			sourceTree = "<group>";
		};
		BA12D56A1FBE7CC1009B2006 /* JATangQiaoBook */ = {
			isa = PBXGroup;
			children = (
				BA12D56B1FBE7CC1009B2006 /* AppDelegate.h */,
				BA12D56C1FBE7CC1009B2006 /* AppDelegate.m */,
				BA12D56E1FBE7CC1009B2006 /* ViewController.h */,
				BA12D56F1FBE7CC1009B2006 /* ViewController.m */,
				BA12D59D1FBE7D2A009B2006 /* BlockViewController.h */,
				BA12D59E1FBE7D2A009B2006 /* BlockViewController.m */,
				BA97019D201ABB690069908C /* NewObject.h */,
				BA97019E201ABB690069908C /* NewObject.m */,
				BA97019B201AB6DA0069908C /* Object-C_Program */,
				BA12D5711FBE7CC1009B2006 /* Main.storyboard */,
				BA12D5741FBE7CC1009B2006 /* Assets.xcassets */,
				BA12D5761FBE7CC1009B2006 /* LaunchScreen.storyboard */,
				BA12D5791FBE7CC1009B2006 /* Info.plist */,
				BA12D57A1FBE7CC1009B2006 /* main.m */,
			);
			path = JATangQiaoBook;
			sourceTree = "<group>";
		};
		BA12D5831FBE7CC1009B2006 /* JATangQiaoBookTests */ = {
			isa = PBXGroup;
			children = (
				BA12D5841FBE7CC1009B2006 /* JATangQiaoBookTests.m */,
				BA12D5861FBE7CC1009B2006 /* Info.plist */,
			);
			path = JATangQiaoBookTests;
			sourceTree = "<group>";
		};
		BA12D58E1FBE7CC1009B2006 /* JATangQiaoBookUITests */ = {
			isa = PBXGroup;
			children = (
				BA12D58F1FBE7CC1009B2006 /* JATangQiaoBookUITests.m */,
				BA12D5911FBE7CC1009B2006 /* Info.plist */,
			);
			path = JATangQiaoBookUITests;
			sourceTree = "<group>";
		};
		D7BEFE9FEA82874AEE09006E /* Pods */ = {
			isa = PBXGroup;
			children = (
				DA6F9F4DDA8DB491AD4269F0 /* Pods-JATangQiaoBook.debug.xcconfig */,
				E8198FE5C1D442181B366C89 /* Pods-JATangQiaoBook.release.xcconfig */,
			);
			name = Pods;
			sourceTree = "<group>";
		};
		FE428E30CEE77B6045E8ECCE /* Frameworks */ = {
			isa = PBXGroup;
			children = (
				2F02C2A160CB387C2DB5CB01 /* libPods-JATangQiaoBook.a */,
			);
			name = Frameworks;
			sourceTree = "<group>";
		};
/* End PBXGroup section */

/* Begin PBXNativeTarget section */
		BA12D5671FBE7CC1009B2006 /* JATangQiaoBook */ = {
			isa = PBXNativeTarget;
			buildConfigurationList = BA12D5941FBE7CC1009B2006 /* Build configuration list for PBXNativeTarget "JATangQiaoBook" */;
			buildPhases = (
				A384E8FF998ABC41D85D92B6 /* [CP] Check Pods Manifest.lock */,
				BA12D5641FBE7CC1009B2006 /* Sources */,
				BA12D5651FBE7CC1009B2006 /* Frameworks */,
				BA12D5661FBE7CC1009B2006 /* Resources */,
			);
			buildRules = (
			);
			dependencies = (
			);
			name = JATangQiaoBook;
			productName = JATangQiaoBook;
			productReference = BA12D5681FBE7CC1009B2006 /* JATangQiaoBook.app */;
			productType = "com.apple.product-type.application";
		};
		BA12D57F1FBE7CC1009B2006 /* JATangQiaoBookTests */ = {
			isa = PBXNativeTarget;
			buildConfigurationList = BA12D5971FBE7CC1009B2006 /* Build configuration list for PBXNativeTarget "JATangQiaoBookTests" */;
			buildPhases = (
				BA12D57C1FBE7CC1009B2006 /* Sources */,
				BA12D57D1FBE7CC1009B2006 /* Frameworks */,
				BA12D57E1FBE7CC1009B2006 /* Resources */,
			);
			buildRules = (
			);
			dependencies = (
				BA12D5821FBE7CC1009B2006 /* PBXTargetDependency */,
			);
			name = JATangQiaoBookTests;
			productName = JATangQiaoBookTests;
			productReference = BA12D5801FBE7CC1009B2006 /* JATangQiaoBookTests.xctest */;
			productType = "com.apple.product-type.bundle.unit-test";
		};
		BA12D58A1FBE7CC1009B2006 /* JATangQiaoBookUITests */ = {
			isa = PBXNativeTarget;
			buildConfigurationList = BA12D59A1FBE7CC1009B2006 /* Build configuration list for PBXNativeTarget "JATangQiaoBookUITests" */;
			buildPhases = (
				BA12D5871FBE7CC1009B2006 /* Sources */,
				BA12D5881FBE7CC1009B2006 /* Frameworks */,
				BA12D5891FBE7CC1009B2006 /* Resources */,
			);
			buildRules = (
			);
			dependencies = (
				BA12D58D1FBE7CC1009B2006 /* PBXTargetDependency */,
			);
			name = JATangQiaoBookUITests;
			productName = JATangQiaoBookUITests;
			productReference = BA12D58B1FBE7CC1009B2006 /* JATangQiaoBookUITests.xctest */;
			productType = "com.apple.product-type.bundle.ui-testing";
		};
/* End PBXNativeTarget section */

/* Begin PBXProject section */
		BA12D5601FBE7CC1009B2006 /* Project object */ = {
			isa = PBXProject;
			attributes = {
				LastUpgradeCheck = 0910;
				ORGANIZATIONNAME = JJFly;
				TargetAttributes = {
					BA12D5671FBE7CC1009B2006 = {
						CreatedOnToolsVersion = 9.1;
						ProvisioningStyle = Automatic;
					};
					BA12D57F1FBE7CC1009B2006 = {
						CreatedOnToolsVersion = 9.1;
						ProvisioningStyle = Automatic;
						TestTargetID = BA12D5671FBE7CC1009B2006;
					};
					BA12D58A1FBE7CC1009B2006 = {
						CreatedOnToolsVersion = 9.1;
						ProvisioningStyle = Automatic;
						TestTargetID = BA12D5671FBE7CC1009B2006;
					};
				};
			};
			buildConfigurationList = BA12D5631FBE7CC1009B2006 /* Build configuration list for PBXProject "JATangQiaoBook" */;
			compatibilityVersion = "Xcode 8.0";
			developmentRegion = en;
			hasScannedForEncodings = 0;
			knownRegions = (
				en,
				Base,
			);
			mainGroup = BA12D55F1FBE7CC1009B2006;
			productRefGroup = BA12D5691FBE7CC1009B2006 /* Products */;
			projectDirPath = "";
			projectRoot = "";
			targets = (
				BA12D5671FBE7CC1009B2006 /* JATangQiaoBook */,
				BA12D57F1FBE7CC1009B2006 /* JATangQiaoBookTests */,
				BA12D58A1FBE7CC1009B2006 /* JATangQiaoBookUITests */,
			);
		};
/* End PBXProject section */

/* Begin PBXResourcesBuildPhase section */
		BA12D5661FBE7CC1009B2006 /* Resources */ = {
			isa = PBXResourcesBuildPhase;
			buildActionMask = 2147483647;
			files = (
				BA12D5781FBE7CC1009B2006 /* LaunchScreen.storyboard in Resources */,
				BA12D5751FBE7CC1009B2006 /* Assets.xcassets in Resources */,
				BA97019C201AB6DA0069908C /* Object-C_Program in Resources */,
				BA12D5731FBE7CC1009B2006 /* Main.storyboard in Resources */,
			);
			runOnlyForDeploymentPostprocessing = 0;
		};
		BA12D57E1FBE7CC1009B2006 /* Resources */ = {
			isa = PBXResourcesBuildPhase;
			buildActionMask = 2147483647;
			files = (
			);
			runOnlyForDeploymentPostprocessing = 0;
		};
		BA12D5891FBE7CC1009B2006 /* Resources */ = {
			isa = PBXResourcesBuildPhase;
			buildActionMask = 2147483647;
			files = (
			);
			runOnlyForDeploymentPostprocessing = 0;
		};
/* End PBXResourcesBuildPhase section */

/* Begin PBXShellScriptBuildPhase section */
		A384E8FF998ABC41D85D92B6 /* [CP] Check Pods Manifest.lock */ = {
			isa = PBXShellScriptBuildPhase;
			buildActionMask = 2147483647;
			files = (
			);
			inputPaths = (
				"${PODS_PODFILE_DIR_PATH}/Podfile.lock",
				"${PODS_ROOT}/Manifest.lock",
			);
			name = "[CP] Check Pods Manifest.lock";
			outputPaths = (
				"$(DERIVED_FILE_DIR)/Pods-JATangQiaoBook-checkManifestLockResult.txt",
			);
			runOnlyForDeploymentPostprocessing = 0;
			shellPath = /bin/sh;
			shellScript = "diff \"${PODS_PODFILE_DIR_PATH}/Podfile.lock\" \"${PODS_ROOT}/Manifest.lock\" > /dev/null\nif [ $? != 0 ] ; then\n    # print error to STDERR\n    echo \"error: The sandbox is not in sync with the Podfile.lock. Run 'pod install' or update your CocoaPods installation.\" >&2\n    exit 1\nfi\n# This output is used by Xcode 'outputs' to avoid re-running this script phase.\necho \"SUCCESS\" > \"${SCRIPT_OUTPUT_FILE_0}\"\n";
			showEnvVarsInLog = 0;
		};
/* End PBXShellScriptBuildPhase section */

/* Begin PBXSourcesBuildPhase section */
		BA12D5641FBE7CC1009B2006 /* Sources */ = {
			isa = PBXSourcesBuildPhase;
			buildActionMask = 2147483647;
			files = (
				BA12D5701FBE7CC1009B2006 /* ViewController.m in Sources */,
				BA12D57B1FBE7CC1009B2006 /* main.m in Sources */,
				BA12D56D1FBE7CC1009B2006 /* AppDelegate.m in Sources */,
				BA97019F201ABB690069908C /* NewObject.m in Sources */,
				BA12D59F1FBE7D2A009B2006 /* BlockViewController.m in Sources */,
			);
			runOnlyForDeploymentPostprocessing = 0;
		};
		BA12D57C1FBE7CC1009B2006 /* Sources */ = {
			isa = PBXSourcesBuildPhase;
			buildActionMask = 2147483647;
			files = (
				BA12D5851FBE7CC1009B2006 /* JATangQiaoBookTests.m in Sources */,
			);
			runOnlyForDeploymentPostprocessing = 0;
		};
		BA12D5871FBE7CC1009B2006 /* Sources */ = {
			isa = PBXSourcesBuildPhase;
			buildActionMask = 2147483647;
			files = (
				BA12D5901FBE7CC1009B2006 /* JATangQiaoBookUITests.m in Sources */,
			);
			runOnlyForDeploymentPostprocessing = 0;
		};
/* End PBXSourcesBuildPhase section */

/* Begin PBXTargetDependency section */
		BA12D5821FBE7CC1009B2006 /* PBXTargetDependency */ = {
			isa = PBXTargetDependency;
			target = BA12D5671FBE7CC1009B2006 /* JATangQiaoBook */;
			targetProxy = BA12D5811FBE7CC1009B2006 /* PBXContainerItemProxy */;
		};
		BA12D58D1FBE7CC1009B2006 /* PBXTargetDependency */ = {
			isa = PBXTargetDependency;
			target = BA12D5671FBE7CC1009B2006 /* JATangQiaoBook */;
			targetProxy = BA12D58C1FBE7CC1009B2006 /* PBXContainerItemProxy */;
		};
/* End PBXTargetDependency section */

/* Begin PBXVariantGroup section */
		BA12D5711FBE7CC1009B2006 /* Main.storyboard */ = {
			isa = PBXVariantGroup;
			children = (
				BA12D5721FBE7CC1009B2006 /* Base */,
			);
			name = Main.storyboard;
			sourceTree = "<group>";
		};
		BA12D5761FBE7CC1009B2006 /* LaunchScreen.storyboard */ = {
			isa = PBXVariantGroup;
			children = (
				BA12D5771FBE7CC1009B2006 /* Base */,
			);
			name = LaunchScreen.storyboard;
			sourceTree = "<group>";
		};
/* End PBXVariantGroup section */

/* Begin XCBuildConfiguration section */
		BA12D5921FBE7CC1009B2006 /* Debug */ = {
			isa = XCBuildConfiguration;
			buildSettings = {
				ALWAYS_SEARCH_USER_PATHS = NO;
				CLANG_ANALYZER_NONNULL = YES;
				CLANG_ANALYZER_NUMBER_OBJECT_CONVERSION = YES_AGGRESSIVE;
				CLANG_CXX_LANGUAGE_STANDARD = "gnu++14";
				CLANG_CXX_LIBRARY = "libc++";
				CLANG_ENABLE_MODULES = YES;
				CLANG_ENABLE_OBJC_ARC = YES;
				CLANG_WARN_BLOCK_CAPTURE_AUTORELEASING = YES;
				CLANG_WARN_BOOL_CONVERSION = YES;
				CLANG_WARN_COMMA = YES;
				CLANG_WARN_CONSTANT_CONVERSION = YES;
				CLANG_WARN_DIRECT_OBJC_ISA_USAGE = YES_ERROR;
				CLANG_WARN_DOCUMENTATION_COMMENTS = YES;
				CLANG_WARN_EMPTY_BODY = YES;
				CLANG_WARN_ENUM_CONVERSION = YES;
				CLANG_WARN_INFINITE_RECURSION = YES;
				CLANG_WARN_INT_CONVERSION = YES;
				CLANG_WARN_NON_LITERAL_NULL_CONVERSION = YES;
				CLANG_WARN_OBJC_LITERAL_CONVERSION = YES;
				CLANG_WARN_OBJC_ROOT_CLASS = YES_ERROR;
				CLANG_WARN_RANGE_LOOP_ANALYSIS = YES;
				CLANG_WARN_STRICT_PROTOTYPES = YES;
				CLANG_WARN_SUSPICIOUS_MOVE = YES;
				CLANG_WARN_UNGUARDED_AVAILABILITY = YES_AGGRESSIVE;
				CLANG_WARN_UNREACHABLE_CODE = YES;
				CLANG_WARN__DUPLICATE_METHOD_MATCH = YES;
				CODE_SIGN_IDENTITY = "iPhone Developer";
				COPY_PHASE_STRIP = NO;
				DEBUG_INFORMATION_FORMAT = dwarf;
				ENABLE_STRICT_OBJC_MSGSEND = YES;
				ENABLE_TESTABILITY = YES;
				GCC_C_LANGUAGE_STANDARD = gnu11;
				GCC_DYNAMIC_NO_PIC = NO;
				GCC_NO_COMMON_BLOCKS = YES;
				GCC_OPTIMIZATION_LEVEL = 0;
				GCC_PREPROCESSOR_DEFINITIONS = (
					"DEBUG=1",
					"$(inherited)",
				);
				GCC_WARN_64_TO_32_BIT_CONVERSION = YES;
				GCC_WARN_ABOUT_RETURN_TYPE = YES_ERROR;
				GCC_WARN_UNDECLARED_SELECTOR = YES;
				GCC_WARN_UNINITIALIZED_AUTOS = YES_AGGRESSIVE;
				GCC_WARN_UNUSED_FUNCTION = YES;
				GCC_WARN_UNUSED_VARIABLE = YES;
				IPHONEOS_DEPLOYMENT_TARGET = 11.1;
				MTL_ENABLE_DEBUG_INFO = YES;
				ONLY_ACTIVE_ARCH = YES;
				SDKROOT = iphoneos;
			};
			name = Debug;
		};
		BA12D5931FBE7CC1009B2006 /* Release */ = {
			isa = XCBuildConfiguration;
			buildSettings = {
				ALWAYS_SEARCH_USER_PATHS = NO;
				CLANG_ANALYZER_NONNULL = YES;
				CLANG_ANALYZER_NUMBER_OBJECT_CONVERSION = YES_AGGRESSIVE;
				CLANG_CXX_LANGUAGE_STANDARD = "gnu++14";
				CLANG_CXX_LIBRARY = "libc++";
				CLANG_ENABLE_MODULES = YES;
				CLANG_ENABLE_OBJC_ARC = YES;
				CLANG_WARN_BLOCK_CAPTURE_AUTORELEASING = YES;
				CLANG_WARN_BOOL_CONVERSION = YES;
				CLANG_WARN_COMMA = YES;
				CLANG_WARN_CONSTANT_CONVERSION = YES;
				CLANG_WARN_DIRECT_OBJC_ISA_USAGE = YES_ERROR;
				CLANG_WARN_DOCUMENTATION_COMMENTS = YES;
				CLANG_WARN_EMPTY_BODY = YES;
				CLANG_WARN_ENUM_CONVERSION = YES;
				CLANG_WARN_INFINITE_RECURSION = YES;
				CLANG_WARN_INT_CONVERSION = YES;
				CLANG_WARN_NON_LITERAL_NULL_CONVERSION = YES;
				CLANG_WARN_OBJC_LITERAL_CONVERSION = YES;
				CLANG_WARN_OBJC_ROOT_CLASS = YES_ERROR;
				CLANG_WARN_RANGE_LOOP_ANALYSIS = YES;
				CLANG_WARN_STRICT_PROTOTYPES = YES;
				CLANG_WARN_SUSPICIOUS_MOVE = YES;
				CLANG_WARN_UNGUARDED_AVAILABILITY = YES_AGGRESSIVE;
				CLANG_WARN_UNREACHABLE_CODE = YES;
				CLANG_WARN__DUPLICATE_METHOD_MATCH = YES;
				CODE_SIGN_IDENTITY = "iPhone Developer";
				COPY_PHASE_STRIP = NO;
				DEBUG_INFORMATION_FORMAT = "dwarf-with-dsym";
				ENABLE_NS_ASSERTIONS = NO;
				ENABLE_STRICT_OBJC_MSGSEND = YES;
				GCC_C_LANGUAGE_STANDARD = gnu11;
				GCC_NO_COMMON_BLOCKS = YES;
				GCC_WARN_64_TO_32_BIT_CONVERSION = YES;
				GCC_WARN_ABOUT_RETURN_TYPE = YES_ERROR;
				GCC_WARN_UNDECLARED_SELECTOR = YES;
				GCC_WARN_UNINITIALIZED_AUTOS = YES_AGGRESSIVE;
				GCC_WARN_UNUSED_FUNCTION = YES;
				GCC_WARN_UNUSED_VARIABLE = YES;
				IPHONEOS_DEPLOYMENT_TARGET = 11.1;
				MTL_ENABLE_DEBUG_INFO = NO;
				SDKROOT = iphoneos;
				VALIDATE_PRODUCT = YES;
			};
			name = Release;
		};
		BA12D5951FBE7CC1009B2006 /* Debug */ = {
			isa = XCBuildConfiguration;
			baseConfigurationReference = DA6F9F4DDA8DB491AD4269F0 /* Pods-JATangQiaoBook.debug.xcconfig */;
			buildSettings = {
				ASSETCATALOG_COMPILER_APPICON_NAME = AppIcon;
				CODE_SIGN_STYLE = Automatic;
				DEVELOPMENT_TEAM = 567J8UWLT4;
				INFOPLIST_FILE = JATangQiaoBook/Info.plist;
				LD_RUNPATH_SEARCH_PATHS = "$(inherited) @executable_path/Frameworks";
				PRODUCT_BUNDLE_IDENTIFIER = JJFly.JATangQiaoBook;
				PRODUCT_NAME = "$(TARGET_NAME)";
				TARGETED_DEVICE_FAMILY = "1,2";
			};
			name = Debug;
		};
		BA12D5961FBE7CC1009B2006 /* Release */ = {
			isa = XCBuildConfiguration;
			baseConfigurationReference = E8198FE5C1D442181B366C89 /* Pods-JATangQiaoBook.release.xcconfig */;
			buildSettings = {
				ASSETCATALOG_COMPILER_APPICON_NAME = AppIcon;
				CODE_SIGN_STYLE = Automatic;
				DEVELOPMENT_TEAM = 567J8UWLT4;
				INFOPLIST_FILE = JATangQiaoBook/Info.plist;
				LD_RUNPATH_SEARCH_PATHS = "$(inherited) @executable_path/Frameworks";
				PRODUCT_BUNDLE_IDENTIFIER = JJFly.JATangQiaoBook;
				PRODUCT_NAME = "$(TARGET_NAME)";
				TARGETED_DEVICE_FAMILY = "1,2";
			};
			name = Release;
		};
		BA12D5981FBE7CC1009B2006 /* Debug */ = {
			isa = XCBuildConfiguration;
			buildSettings = {
				BUNDLE_LOADER = "$(TEST_HOST)";
				CODE_SIGN_STYLE = Automatic;
				DEVELOPMENT_TEAM = 567J8UWLT4;
				INFOPLIST_FILE = JATangQiaoBookTests/Info.plist;
				LD_RUNPATH_SEARCH_PATHS = "$(inherited) @executable_path/Frameworks @loader_path/Frameworks";
				PRODUCT_BUNDLE_IDENTIFIER = JJFly.JATangQiaoBookTests;
				PRODUCT_NAME = "$(TARGET_NAME)";
				TARGETED_DEVICE_FAMILY = "1,2";
				TEST_HOST = "$(BUILT_PRODUCTS_DIR)/JATangQiaoBook.app/JATangQiaoBook";
			};
			name = Debug;
		};
		BA12D5991FBE7CC1009B2006 /* Release */ = {
			isa = XCBuildConfiguration;
			buildSettings = {
				BUNDLE_LOADER = "$(TEST_HOST)";
				CODE_SIGN_STYLE = Automatic;
				DEVELOPMENT_TEAM = 567J8UWLT4;
				INFOPLIST_FILE = JATangQiaoBookTests/Info.plist;
				LD_RUNPATH_SEARCH_PATHS = "$(inherited) @executable_path/Frameworks @loader_path/Frameworks";
				PRODUCT_BUNDLE_IDENTIFIER = JJFly.JATangQiaoBookTests;
				PRODUCT_NAME = "$(TARGET_NAME)";
				TARGETED_DEVICE_FAMILY = "1,2";
				TEST_HOST = "$(BUILT_PRODUCTS_DIR)/JATangQiaoBook.app/JATangQiaoBook";
			};
			name = Release;
		};
		BA12D59B1FBE7CC1009B2006 /* Debug */ = {
			isa = XCBuildConfiguration;
			buildSettings = {
				CODE_SIGN_STYLE = Automatic;
				DEVELOPMENT_TEAM = 567J8UWLT4;
				INFOPLIST_FILE = JATangQiaoBookUITests/Info.plist;
				LD_RUNPATH_SEARCH_PATHS = "$(inherited) @executable_path/Frameworks @loader_path/Frameworks";
				PRODUCT_BUNDLE_IDENTIFIER = JJFly.JATangQiaoBookUITests;
				PRODUCT_NAME = "$(TARGET_NAME)";
				TARGETED_DEVICE_FAMILY = "1,2";
				TEST_TARGET_NAME = JATangQiaoBook;
			};
			name = Debug;
		};
		BA12D59C1FBE7CC1009B2006 /* Release */ = {
			isa = XCBuildConfiguration;
			buildSettings = {
				CODE_SIGN_STYLE = Automatic;
				DEVELOPMENT_TEAM = 567J8UWLT4;
				INFOPLIST_FILE = JATangQiaoBookUITests/Info.plist;
				LD_RUNPATH_SEARCH_PATHS = "$(inherited) @executable_path/Frameworks @loader_path/Frameworks";
				PRODUCT_BUNDLE_IDENTIFIER = JJFly.JATangQiaoBookUITests;
				PRODUCT_NAME = "$(TARGET_NAME)";
				TARGETED_DEVICE_FAMILY = "1,2";
				TEST_TARGET_NAME = JATangQiaoBook;
			};
			name = Release;
		};
/* End XCBuildConfiguration section */

/* Begin XCConfigurationList section */
		BA12D5631FBE7CC1009B2006 /* Build configuration list for PBXProject "JATangQiaoBook" */ = {
			isa = XCConfigurationList;
			buildConfigurations = (
				BA12D5921FBE7CC1009B2006 /* Debug */,
				BA12D5931FBE7CC1009B2006 /* Release */,
			);
			defaultConfigurationIsVisible = 0;
			defaultConfigurationName = Release;
		};
		BA12D5941FBE7CC1009B2006 /* Build configuration list for PBXNativeTarget "JATangQiaoBook" */ = {
			isa = XCConfigurationList;
			buildConfigurations = (
				BA12D5951FBE7CC1009B2006 /* Debug */,
				BA12D5961FBE7CC1009B2006 /* Release */,
			);
			defaultConfigurationIsVisible = 0;
			defaultConfigurationName = Release;
		};
		BA12D5971FBE7CC1009B2006 /* Build configuration list for PBXNativeTarget "JATangQiaoBookTests" */ = {
			isa = XCConfigurationList;
			buildConfigurations = (
				BA12D5981FBE7CC1009B2006 /* Debug */,
				BA12D5991FBE7CC1009B2006 /* Release */,
			);
			defaultConfigurationIsVisible = 0;
			defaultConfigurationName = Release;
		};
		BA12D59A1FBE7CC1009B2006 /* Build configuration list for PBXNativeTarget "JATangQiaoBookUITests" */ = {
			isa = XCConfigurationList;
			buildConfigurations = (
				BA12D59B1FBE7CC1009B2006 /* Debug */,
				BA12D59C1FBE7CC1009B2006 /* Release */,
			);
			defaultConfigurationIsVisible = 0;
			defaultConfigurationName = Release;
		};
/* End XCConfigurationList section */
	};
	rootObject = BA12D5601FBE7CC1009B2006 /* Project object */;
}
