// !$*UTF8*$!
{
	archiveVersion = 1;
	classes = {
	};
	objectVersion = 48;
	objects = {

/* Begin PBXBuildFile section */
		BA5023E120299DD6002AB921 /* AppDelegate.m in Sources */ = {isa = PBXBuildFile; fileRef = BA5023E020299DD6002AB921 /* AppDelegate.m */; };
		BA5023E420299DD6002AB921 /* ViewController.m in Sources */ = {isa = PBXBuildFile; fileRef = BA5023E320299DD6002AB921 /* ViewController.m */; };
		BA5023E720299DD6002AB921 /* Main.storyboard in Resources */ = {isa = PBXBuildFile; fileRef = BA5023E520299DD6002AB921 /* Main.storyboard */; };
		BA5023E920299DD6002AB921 /* Assets.xcassets in Resources */ = {isa = PBXBuildFile; fileRef = BA5023E820299DD6002AB921 /* Assets.xcassets */; };
		BA5023EC20299DD6002AB921 /* LaunchScreen.storyboard in Resources */ = {isa = PBXBuildFile; fileRef = BA5023EA20299DD6002AB921 /* LaunchScreen.storyboard */; };
		BA5023EF20299DD6002AB921 /* main.m in Sources */ = {isa = PBXBuildFile; fileRef = BA5023EE20299DD6002AB921 /* main.m */; };
		BA5023F920299DD6002AB921 /* JANavigationScrollViewTests.m in Sources */ = {isa = PBXBuildFile; fileRef = BA5023F820299DD6002AB921 /* JANavigationScrollViewTests.m */; };
		BA50240420299DD6002AB921 /* JANavigationScrollViewUITests.m in Sources */ = {isa = PBXBuildFile; fileRef = BA50240320299DD6002AB921 /* JANavigationScrollViewUITests.m */; };
		BA50241320299DFB002AB921 /* JANavigationSubView.m in Sources */ = {isa = PBXBuildFile; fileRef = BA50241220299DFB002AB921 /* JANavigationSubView.m */; };
/* End PBXBuildFile section */

/* Begin PBXContainerItemProxy section */
		BA5023F520299DD6002AB921 /* PBXContainerItemProxy */ = {
			isa = PBXContainerItemProxy;
			containerPortal = BA5023D420299DD6002AB921 /* Project object */;
			proxyType = 1;
			remoteGlobalIDString = BA5023DB20299DD6002AB921;
			remoteInfo = JANavigationScrollView;
		};
		BA50240020299DD6002AB921 /* PBXContainerItemProxy */ = {
			isa = PBXContainerItemProxy;
			containerPortal = BA5023D420299DD6002AB921 /* Project object */;
			proxyType = 1;
			remoteGlobalIDString = BA5023DB20299DD6002AB921;
			remoteInfo = JANavigationScrollView;
		};
/* End PBXContainerItemProxy section */

/* Begin PBXFileReference section */
		BA5023DC20299DD6002AB921 /* JANavigationScrollView.app */ = {isa = PBXFileReference; explicitFileType = wrapper.application; includeInIndex = 0; path = JANavigationScrollView.app; sourceTree = BUILT_PRODUCTS_DIR; };
		BA5023DF20299DD6002AB921 /* AppDelegate.h */ = {isa = PBXFileReference; lastKnownFileType = sourcecode.c.h; path = AppDelegate.h; sourceTree = "<group>"; };
		BA5023E020299DD6002AB921 /* AppDelegate.m */ = {isa = PBXFileReference; lastKnownFileType = sourcecode.c.objc; path = AppDelegate.m; sourceTree = "<group>"; };
		BA5023E220299DD6002AB921 /* ViewController.h */ = {isa = PBXFileReference; lastKnownFileType = sourcecode.c.h; path = ViewController.h; sourceTree = "<group>"; };
		BA5023E320299DD6002AB921 /* ViewController.m */ = {isa = PBXFileReference; lastKnownFileType = sourcecode.c.objc; path = ViewController.m; sourceTree = "<group>"; };
		BA5023E620299DD6002AB921 /* Base */ = {isa = PBXFileReference; lastKnownFileType = file.storyboard; name = Base; path = Base.lproj/Main.storyboard; sourceTree = "<group>"; };
		BA5023E820299DD6002AB921 /* Assets.xcassets */ = {isa = PBXFileReference; lastKnownFileType = folder.assetcatalog; path = Assets.xcassets; sourceTree = "<group>"; };
		BA5023EB20299DD6002AB921 /* Base */ = {isa = PBXFileReference; lastKnownFileType = file.storyboard; name = Base; path = Base.lproj/LaunchScreen.storyboard; sourceTree = "<group>"; };
		BA5023ED20299DD6002AB921 /* Info.plist */ = {isa = PBXFileReference; lastKnownFileType = text.plist.xml; path = Info.plist; sourceTree = "<group>"; };
		BA5023EE20299DD6002AB921 /* main.m */ = {isa = PBXFileReference; lastKnownFileType = sourcecode.c.objc; path = main.m; sourceTree = "<group>"; };
		BA5023F420299DD6002AB921 /* JANavigationScrollViewTests.xctest */ = {isa = PBXFileReference; explicitFileType = wrapper.cfbundle; includeInIndex = 0; path = JANavigationScrollViewTests.xctest; sourceTree = BUILT_PRODUCTS_DIR; };
		BA5023F820299DD6002AB921 /* JANavigationScrollViewTests.m */ = {isa = PBXFileReference; lastKnownFileType = sourcecode.c.objc; path = JANavigationScrollViewTests.m; sourceTree = "<group>"; };
		BA5023FA20299DD6002AB921 /* Info.plist */ = {isa = PBXFileReference; lastKnownFileType = text.plist.xml; path = Info.plist; sourceTree = "<group>"; };
		BA5023FF20299DD6002AB921 /* JANavigationScrollViewUITests.xctest */ = {isa = PBXFileReference; explicitFileType = wrapper.cfbundle; includeInIndex = 0; path = JANavigationScrollViewUITests.xctest; sourceTree = BUILT_PRODUCTS_DIR; };
		BA50240320299DD6002AB921 /* JANavigationScrollViewUITests.m */ = {isa = PBXFileReference; lastKnownFileType = sourcecode.c.objc; path = JANavigationScrollViewUITests.m; sourceTree = "<group>"; };
		BA50240520299DD6002AB921 /* Info.plist */ = {isa = PBXFileReference; lastKnownFileType = text.plist.xml; path = Info.plist; sourceTree = "<group>"; };
		BA50241120299DFB002AB921 /* JANavigationSubView.h */ = {isa = PBXFileReference; lastKnownFileType = sourcecode.c.h; path = JANavigationSubView.h; sourceTree = "<group>"; };
		BA50241220299DFB002AB921 /* JANavigationSubView.m */ = {isa = PBXFileReference; lastKnownFileType = sourcecode.c.objc; path = JANavigationSubView.m; sourceTree = "<group>"; };
/* End PBXFileReference section */

/* Begin PBXFrameworksBuildPhase section */
		BA5023D920299DD6002AB921 /* Frameworks */ = {
			isa = PBXFrameworksBuildPhase;
			buildActionMask = 2147483647;
			files = (
			);
			runOnlyForDeploymentPostprocessing = 0;
		};
		BA5023F120299DD6002AB921 /* Frameworks */ = {
			isa = PBXFrameworksBuildPhase;
			buildActionMask = 2147483647;
			files = (
			);
			runOnlyForDeploymentPostprocessing = 0;
		};
		BA5023FC20299DD6002AB921 /* Frameworks */ = {
			isa = PBXFrameworksBuildPhase;
			buildActionMask = 2147483647;
			files = (
			);
			runOnlyForDeploymentPostprocessing = 0;
		};
/* End PBXFrameworksBuildPhase section */

/* Begin PBXGroup section */
		BA5023D320299DD6002AB921 = {
			isa = PBXGroup;
			children = (
				BA5023DE20299DD6002AB921 /* JANavigationScrollView */,
				BA5023F720299DD6002AB921 /* JANavigationScrollViewTests */,
				BA50240220299DD6002AB921 /* JANavigationScrollViewUITests */,
				BA5023DD20299DD6002AB921 /* Products */,
			);
			sourceTree = "<group>";
		};
		BA5023DD20299DD6002AB921 /* Products */ = {
			isa = PBXGroup;
			children = (
				BA5023DC20299DD6002AB921 /* JANavigationScrollView.app */,
				BA5023F420299DD6002AB921 /* JANavigationScrollViewTests.xctest */,
				BA5023FF20299DD6002AB921 /* JANavigationScrollViewUITests.xctest */,
			);
			name = Products;
			sourceTree = "<group>";
		};
		BA5023DE20299DD6002AB921 /* JANavigationScrollView */ = {
			isa = PBXGroup;
			children = (
				BA5023DF20299DD6002AB921 /* AppDelegate.h */,
				BA5023E020299DD6002AB921 /* AppDelegate.m */,
				BA5023E220299DD6002AB921 /* ViewController.h */,
				BA5023E320299DD6002AB921 /* ViewController.m */,
				BA50241120299DFB002AB921 /* JANavigationSubView.h */,
				BA50241220299DFB002AB921 /* JANavigationSubView.m */,
				BA5023E520299DD6002AB921 /* Main.storyboard */,
				BA5023E820299DD6002AB921 /* Assets.xcassets */,
				BA5023EA20299DD6002AB921 /* LaunchScreen.storyboard */,
				BA5023ED20299DD6002AB921 /* Info.plist */,
				BA5023EE20299DD6002AB921 /* main.m */,
			);
			path = JANavigationScrollView;
			sourceTree = "<group>";
		};
		BA5023F720299DD6002AB921 /* JANavigationScrollViewTests */ = {
			isa = PBXGroup;
			children = (
				BA5023F820299DD6002AB921 /* JANavigationScrollViewTests.m */,
				BA5023FA20299DD6002AB921 /* Info.plist */,
			);
			path = JANavigationScrollViewTests;
			sourceTree = "<group>";
		};
		BA50240220299DD6002AB921 /* JANavigationScrollViewUITests */ = {
			isa = PBXGroup;
			children = (
				BA50240320299DD6002AB921 /* JANavigationScrollViewUITests.m */,
				BA50240520299DD6002AB921 /* Info.plist */,
			);
			path = JANavigationScrollViewUITests;
			sourceTree = "<group>";
		};
/* End PBXGroup section */

/* Begin PBXNativeTarget section */
		BA5023DB20299DD6002AB921 /* JANavigationScrollView */ = {
			isa = PBXNativeTarget;
			buildConfigurationList = BA50240820299DD6002AB921 /* Build configuration list for PBXNativeTarget "JANavigationScrollView" */;
			buildPhases = (
				BA5023D820299DD6002AB921 /* Sources */,
				BA5023D920299DD6002AB921 /* Frameworks */,
				BA5023DA20299DD6002AB921 /* Resources */,
			);
			buildRules = (
			);
			dependencies = (
			);
			name = JANavigationScrollView;
			productName = JANavigationScrollView;
			productReference = BA5023DC20299DD6002AB921 /* JANavigationScrollView.app */;
			productType = "com.apple.product-type.application";
		};
		BA5023F320299DD6002AB921 /* JANavigationScrollViewTests */ = {
			isa = PBXNativeTarget;
			buildConfigurationList = BA50240B20299DD6002AB921 /* Build configuration list for PBXNativeTarget "JANavigationScrollViewTests" */;
			buildPhases = (
				BA5023F020299DD6002AB921 /* Sources */,
				BA5023F120299DD6002AB921 /* Frameworks */,
				BA5023F220299DD6002AB921 /* Resources */,
			);
			buildRules = (
			);
			dependencies = (
				BA5023F620299DD6002AB921 /* PBXTargetDependency */,
			);
			name = JANavigationScrollViewTests;
			productName = JANavigationScrollViewTests;
			productReference = BA5023F420299DD6002AB921 /* JANavigationScrollViewTests.xctest */;
			productType = "com.apple.product-type.bundle.unit-test";
		};
		BA5023FE20299DD6002AB921 /* JANavigationScrollViewUITests */ = {
			isa = PBXNativeTarget;
			buildConfigurationList = BA50240E20299DD6002AB921 /* Build configuration list for PBXNativeTarget "JANavigationScrollViewUITests" */;
			buildPhases = (
				BA5023FB20299DD6002AB921 /* Sources */,
				BA5023FC20299DD6002AB921 /* Frameworks */,
				BA5023FD20299DD6002AB921 /* Resources */,
			);
			buildRules = (
			);
			dependencies = (
				BA50240120299DD6002AB921 /* PBXTargetDependency */,
			);
			name = JANavigationScrollViewUITests;
			productName = JANavigationScrollViewUITests;
			productReference = BA5023FF20299DD6002AB921 /* JANavigationScrollViewUITests.xctest */;
			productType = "com.apple.product-type.bundle.ui-testing";
		};
/* End PBXNativeTarget section */

/* Begin PBXProject section */
		BA5023D420299DD6002AB921 /* Project object */ = {
			isa = PBXProject;
			attributes = {
				LastUpgradeCheck = 0920;
				ORGANIZATIONNAME = esunny;
				TargetAttributes = {
					BA5023DB20299DD6002AB921 = {
						CreatedOnToolsVersion = 9.2;
						ProvisioningStyle = Automatic;
					};
					BA5023F320299DD6002AB921 = {
						CreatedOnToolsVersion = 9.2;
						ProvisioningStyle = Automatic;
						TestTargetID = BA5023DB20299DD6002AB921;
					};
					BA5023FE20299DD6002AB921 = {
						CreatedOnToolsVersion = 9.2;
						ProvisioningStyle = Automatic;
						TestTargetID = BA5023DB20299DD6002AB921;
					};
				};
			};
			buildConfigurationList = BA5023D720299DD6002AB921 /* Build configuration list for PBXProject "JANavigationScrollView" */;
			compatibilityVersion = "Xcode 8.0";
			developmentRegion = en;
			hasScannedForEncodings = 0;
			knownRegions = (
				en,
				Base,
			);
			mainGroup = BA5023D320299DD6002AB921;
			productRefGroup = BA5023DD20299DD6002AB921 /* Products */;
			projectDirPath = "";
			projectRoot = "";
			targets = (
				BA5023DB20299DD6002AB921 /* JANavigationScrollView */,
				BA5023F320299DD6002AB921 /* JANavigationScrollViewTests */,
				BA5023FE20299DD6002AB921 /* JANavigationScrollViewUITests */,
			);
		};
/* End PBXProject section */

/* Begin PBXResourcesBuildPhase section */
		BA5023DA20299DD6002AB921 /* Resources */ = {
			isa = PBXResourcesBuildPhase;
			buildActionMask = 2147483647;
			files = (
				BA5023EC20299DD6002AB921 /* LaunchScreen.storyboard in Resources */,
				BA5023E920299DD6002AB921 /* Assets.xcassets in Resources */,
				BA5023E720299DD6002AB921 /* Main.storyboard in Resources */,
			);
			runOnlyForDeploymentPostprocessing = 0;
		};
		BA5023F220299DD6002AB921 /* Resources */ = {
			isa = PBXResourcesBuildPhase;
			buildActionMask = 2147483647;
			files = (
			);
			runOnlyForDeploymentPostprocessing = 0;
		};
		BA5023FD20299DD6002AB921 /* Resources */ = {
			isa = PBXResourcesBuildPhase;
			buildActionMask = 2147483647;
			files = (
			);
			runOnlyForDeploymentPostprocessing = 0;
		};
/* End PBXResourcesBuildPhase section */

/* Begin PBXSourcesBuildPhase section */
		BA5023D820299DD6002AB921 /* Sources */ = {
			isa = PBXSourcesBuildPhase;
			buildActionMask = 2147483647;
			files = (
				BA50241320299DFB002AB921 /* JANavigationSubView.m in Sources */,
				BA5023E420299DD6002AB921 /* ViewController.m in Sources */,
				BA5023EF20299DD6002AB921 /* main.m in Sources */,
				BA5023E120299DD6002AB921 /* AppDelegate.m in Sources */,
			);
			runOnlyForDeploymentPostprocessing = 0;
		};
		BA5023F020299DD6002AB921 /* Sources */ = {
			isa = PBXSourcesBuildPhase;
			buildActionMask = 2147483647;
			files = (
				BA5023F920299DD6002AB921 /* JANavigationScrollViewTests.m in Sources */,
			);
			runOnlyForDeploymentPostprocessing = 0;
		};
		BA5023FB20299DD6002AB921 /* Sources */ = {
			isa = PBXSourcesBuildPhase;
			buildActionMask = 2147483647;
			files = (
				BA50240420299DD6002AB921 /* JANavigationScrollViewUITests.m in Sources */,
			);
			runOnlyForDeploymentPostprocessing = 0;
		};
/* End PBXSourcesBuildPhase section */

/* Begin PBXTargetDependency section */
		BA5023F620299DD6002AB921 /* PBXTargetDependency */ = {
			isa = PBXTargetDependency;
			target = BA5023DB20299DD6002AB921 /* JANavigationScrollView */;
			targetProxy = BA5023F520299DD6002AB921 /* PBXContainerItemProxy */;
		};
		BA50240120299DD6002AB921 /* PBXTargetDependency */ = {
			isa = PBXTargetDependency;
			target = BA5023DB20299DD6002AB921 /* JANavigationScrollView */;
			targetProxy = BA50240020299DD6002AB921 /* PBXContainerItemProxy */;
		};
/* End PBXTargetDependency section */

/* Begin PBXVariantGroup section */
		BA5023E520299DD6002AB921 /* Main.storyboard */ = {
			isa = PBXVariantGroup;
			children = (
				BA5023E620299DD6002AB921 /* Base */,
			);
			name = Main.storyboard;
			sourceTree = "<group>";
		};
		BA5023EA20299DD6002AB921 /* LaunchScreen.storyboard */ = {
			isa = PBXVariantGroup;
			children = (
				BA5023EB20299DD6002AB921 /* Base */,
			);
			name = LaunchScreen.storyboard;
			sourceTree = "<group>";
		};
/* End PBXVariantGroup section */

/* Begin XCBuildConfiguration section */
		BA50240620299DD6002AB921 /* Debug */ = {
			isa = XCBuildConfiguration;
			buildSettings = {
				ALWAYS_SEARCH_USER_PATHS = NO;
				CLANG_ANALYZER_NONNULL = YES;
				CLANG_ANALYZER_NUMBER_OBJECT_CONVERSION = YES_AGGRESSIVE;
				CLANG_CXX_LANGUAGE_STANDARD = "gnu++14";
				CLANG_CXX_LIBRARY = "libc++";
				CLANG_ENABLE_MODULES = YES;
				CLANG_ENABLE_OBJC_ARC = YES;
				CLANG_WARN_BLOCK_CAPTURE_AUTORELEASING = YES;
				CLANG_WARN_BOOL_CONVERSION = YES;
				CLANG_WARN_COMMA = YES;
				CLANG_WARN_CONSTANT_CONVERSION = YES;
				CLANG_WARN_DIRECT_OBJC_ISA_USAGE = YES_ERROR;
				CLANG_WARN_DOCUMENTATION_COMMENTS = YES;
				CLANG_WARN_EMPTY_BODY = YES;
				CLANG_WARN_ENUM_CONVERSION = YES;
				CLANG_WARN_INFINITE_RECURSION = YES;
				CLANG_WARN_INT_CONVERSION = YES;
				CLANG_WARN_NON_LITERAL_NULL_CONVERSION = YES;
				CLANG_WARN_OBJC_LITERAL_CONVERSION = YES;
				CLANG_WARN_OBJC_ROOT_CLASS = YES_ERROR;
				CLANG_WARN_RANGE_LOOP_ANALYSIS = YES;
				CLANG_WARN_STRICT_PROTOTYPES = YES;
				CLANG_WARN_SUSPICIOUS_MOVE = YES;
				CLANG_WARN_UNGUARDED_AVAILABILITY = YES_AGGRESSIVE;
				CLANG_WARN_UNREACHABLE_CODE = YES;
				CLANG_WARN__DUPLICATE_METHOD_MATCH = YES;
				CODE_SIGN_IDENTITY = "iPhone Developer";
				COPY_PHASE_STRIP = NO;
				DEBUG_INFORMATION_FORMAT = dwarf;
				ENABLE_STRICT_OBJC_MSGSEND = YES;
				ENABLE_TESTABILITY = YES;
				GCC_C_LANGUAGE_STANDARD = gnu11;
				GCC_DYNAMIC_NO_PIC = NO;
				GCC_NO_COMMON_BLOCKS = YES;
				GCC_OPTIMIZATION_LEVEL = 0;
				GCC_PREPROCESSOR_DEFINITIONS = (
					"DEBUG=1",
					"$(inherited)",
				);
				GCC_WARN_64_TO_32_BIT_CONVERSION = YES;
				GCC_WARN_ABOUT_RETURN_TYPE = YES_ERROR;
				GCC_WARN_UNDECLARED_SELECTOR = YES;
				GCC_WARN_UNINITIALIZED_AUTOS = YES_AGGRESSIVE;
				GCC_WARN_UNUSED_FUNCTION = YES;
				GCC_WARN_UNUSED_VARIABLE = YES;
				IPHONEOS_DEPLOYMENT_TARGET = 11.2;
				MTL_ENABLE_DEBUG_INFO = YES;
				ONLY_ACTIVE_ARCH = YES;
				SDKROOT = iphoneos;
			};
			name = Debug;
		};
		BA50240720299DD6002AB921 /* Release */ = {
			isa = XCBuildConfiguration;
			buildSettings = {
				ALWAYS_SEARCH_USER_PATHS = NO;
				CLANG_ANALYZER_NONNULL = YES;
				CLANG_ANALYZER_NUMBER_OBJECT_CONVERSION = YES_AGGRESSIVE;
				CLANG_CXX_LANGUAGE_STANDARD = "gnu++14";
				CLANG_CXX_LIBRARY = "libc++";
				CLANG_ENABLE_MODULES = YES;
				CLANG_ENABLE_OBJC_ARC = YES;
				CLANG_WARN_BLOCK_CAPTURE_AUTORELEASING = YES;
				CLANG_WARN_BOOL_CONVERSION = YES;
				CLANG_WARN_COMMA = YES;
				CLANG_WARN_CONSTANT_CONVERSION = YES;
				CLANG_WARN_DIRECT_OBJC_ISA_USAGE = YES_ERROR;
				CLANG_WARN_DOCUMENTATION_COMMENTS = YES;
				CLANG_WARN_EMPTY_BODY = YES;
				CLANG_WARN_ENUM_CONVERSION = YES;
				CLANG_WARN_INFINITE_RECURSION = YES;
				CLANG_WARN_INT_CONVERSION = YES;
				CLANG_WARN_NON_LITERAL_NULL_CONVERSION = YES;
				CLANG_WARN_OBJC_LITERAL_CONVERSION = YES;
				CLANG_WARN_OBJC_ROOT_CLASS = YES_ERROR;
				CLANG_WARN_RANGE_LOOP_ANALYSIS = YES;
				CLANG_WARN_STRICT_PROTOTYPES = YES;
				CLANG_WARN_SUSPICIOUS_MOVE = YES;
				CLANG_WARN_UNGUARDED_AVAILABILITY = YES_AGGRESSIVE;
				CLANG_WARN_UNREACHABLE_CODE = YES;
				CLANG_WARN__DUPLICATE_METHOD_MATCH = YES;
				CODE_SIGN_IDENTITY = "iPhone Developer";
				COPY_PHASE_STRIP = NO;
				DEBUG_INFORMATION_FORMAT = "dwarf-with-dsym";
				ENABLE_NS_ASSERTIONS = NO;
				ENABLE_STRICT_OBJC_MSGSEND = YES;
				GCC_C_LANGUAGE_STANDARD = gnu11;
				GCC_NO_COMMON_BLOCKS = YES;
				GCC_WARN_64_TO_32_BIT_CONVERSION = YES;
				GCC_WARN_ABOUT_RETURN_TYPE = YES_ERROR;
				GCC_WARN_UNDECLARED_SELECTOR = YES;
				GCC_WARN_UNINITIALIZED_AUTOS = YES_AGGRESSIVE;
				GCC_WARN_UNUSED_FUNCTION = YES;
				GCC_WARN_UNUSED_VARIABLE = YES;
				IPHONEOS_DEPLOYMENT_TARGET = 11.2;
				MTL_ENABLE_DEBUG_INFO = NO;
				SDKROOT = iphoneos;
				VALIDATE_PRODUCT = YES;
			};
			name = Release;
		};
		BA50240920299DD6002AB921 /* Debug */ = {
			isa = XCBuildConfiguration;
			buildSettings = {
				ASSETCATALOG_COMPILER_APPICON_NAME = AppIcon;
				CODE_SIGN_STYLE = Automatic;
				DEVELOPMENT_TEAM = JK29957Z9Z;
				INFOPLIST_FILE = JANavigationScrollView/Info.plist;
				LD_RUNPATH_SEARCH_PATHS = "$(inherited) @executable_path/Frameworks";
				PRODUCT_BUNDLE_IDENTIFIER = esunny.JANavigationScrollView;
				PRODUCT_NAME = "$(TARGET_NAME)";
				TARGETED_DEVICE_FAMILY = "1,2";
			};
			name = Debug;
		};
		BA50240A20299DD6002AB921 /* Release */ = {
			isa = XCBuildConfiguration;
			buildSettings = {
				ASSETCATALOG_COMPILER_APPICON_NAME = AppIcon;
				CODE_SIGN_STYLE = Automatic;
				DEVELOPMENT_TEAM = JK29957Z9Z;
				INFOPLIST_FILE = JANavigationScrollView/Info.plist;
				LD_RUNPATH_SEARCH_PATHS = "$(inherited) @executable_path/Frameworks";
				PRODUCT_BUNDLE_IDENTIFIER = esunny.JANavigationScrollView;
				PRODUCT_NAME = "$(TARGET_NAME)";
				TARGETED_DEVICE_FAMILY = "1,2";
			};
			name = Release;
		};
		BA50240C20299DD6002AB921 /* Debug */ = {
			isa = XCBuildConfiguration;
			buildSettings = {
				BUNDLE_LOADER = "$(TEST_HOST)";
				CODE_SIGN_STYLE = Automatic;
				DEVELOPMENT_TEAM = JK29957Z9Z;
				INFOPLIST_FILE = JANavigationScrollViewTests/Info.plist;
				LD_RUNPATH_SEARCH_PATHS = "$(inherited) @executable_path/Frameworks @loader_path/Frameworks";
				PRODUCT_BUNDLE_IDENTIFIER = esunny.JANavigationScrollViewTests;
				PRODUCT_NAME = "$(TARGET_NAME)";
				TARGETED_DEVICE_FAMILY = "1,2";
				TEST_HOST = "$(BUILT_PRODUCTS_DIR)/JANavigationScrollView.app/JANavigationScrollView";
			};
			name = Debug;
		};
		BA50240D20299DD6002AB921 /* Release */ = {
			isa = XCBuildConfiguration;
			buildSettings = {
				BUNDLE_LOADER = "$(TEST_HOST)";
				CODE_SIGN_STYLE = Automatic;
				DEVELOPMENT_TEAM = JK29957Z9Z;
				INFOPLIST_FILE = JANavigationScrollViewTests/Info.plist;
				LD_RUNPATH_SEARCH_PATHS = "$(inherited) @executable_path/Frameworks @loader_path/Frameworks";
				PRODUCT_BUNDLE_IDENTIFIER = esunny.JANavigationScrollViewTests;
				PRODUCT_NAME = "$(TARGET_NAME)";
				TARGETED_DEVICE_FAMILY = "1,2";
				TEST_HOST = "$(BUILT_PRODUCTS_DIR)/JANavigationScrollView.app/JANavigationScrollView";
			};
			name = Release;
		};
		BA50240F20299DD6002AB921 /* Debug */ = {
			isa = XCBuildConfiguration;
			buildSettings = {
				CODE_SIGN_STYLE = Automatic;
				DEVELOPMENT_TEAM = JK29957Z9Z;
				INFOPLIST_FILE = JANavigationScrollViewUITests/Info.plist;
				LD_RUNPATH_SEARCH_PATHS = "$(inherited) @executable_path/Frameworks @loader_path/Frameworks";
				PRODUCT_BUNDLE_IDENTIFIER = esunny.JANavigationScrollViewUITests;
				PRODUCT_NAME = "$(TARGET_NAME)";
				TARGETED_DEVICE_FAMILY = "1,2";
				TEST_TARGET_NAME = JANavigationScrollView;
			};
			name = Debug;
		};
		BA50241020299DD6002AB921 /* Release */ = {
			isa = XCBuildConfiguration;
			buildSettings = {
				CODE_SIGN_STYLE = Automatic;
				DEVELOPMENT_TEAM = JK29957Z9Z;
				INFOPLIST_FILE = JANavigationScrollViewUITests/Info.plist;
				LD_RUNPATH_SEARCH_PATHS = "$(inherited) @executable_path/Frameworks @loader_path/Frameworks";
				PRODUCT_BUNDLE_IDENTIFIER = esunny.JANavigationScrollViewUITests;
				PRODUCT_NAME = "$(TARGET_NAME)";
				TARGETED_DEVICE_FAMILY = "1,2";
				TEST_TARGET_NAME = JANavigationScrollView;
			};
			name = Release;
		};
/* End XCBuildConfiguration section */

/* Begin XCConfigurationList section */
		BA5023D720299DD6002AB921 /* Build configuration list for PBXProject "JANavigationScrollView" */ = {
			isa = XCConfigurationList;
			buildConfigurations = (
				BA50240620299DD6002AB921 /* Debug */,
				BA50240720299DD6002AB921 /* Release */,
			);
			defaultConfigurationIsVisible = 0;
			defaultConfigurationName = Release;
		};
		BA50240820299DD6002AB921 /* Build configuration list for PBXNativeTarget "JANavigationScrollView" */ = {
			isa = XCConfigurationList;
			buildConfigurations = (
				BA50240920299DD6002AB921 /* Debug */,
				BA50240A20299DD6002AB921 /* Release */,
			);
			defaultConfigurationIsVisible = 0;
			defaultConfigurationName = Release;
		};
		BA50240B20299DD6002AB921 /* Build configuration list for PBXNativeTarget "JANavigationScrollViewTests" */ = {
			isa = XCConfigurationList;
			buildConfigurations = (
				BA50240C20299DD6002AB921 /* Debug */,
				BA50240D20299DD6002AB921 /* Release */,
			);
			defaultConfigurationIsVisible = 0;
			defaultConfigurationName = Release;
		};
		BA50240E20299DD6002AB921 /* Build configuration list for PBXNativeTarget "JANavigationScrollViewUITests" */ = {
			isa = XCConfigurationList;
			buildConfigurations = (
				BA50240F20299DD6002AB921 /* Debug */,
				BA50241020299DD6002AB921 /* Release */,
			);
			defaultConfigurationIsVisible = 0;
			defaultConfigurationName = Release;
		};
/* End XCConfigurationList section */
	};
	rootObject = BA5023D420299DD6002AB921 /* Project object */;
}
