// !$*UTF8*$!
{
	archiveVersion = 1;
	classes = {
	};
	objectVersion = 48;
	objects = {

/* Begin PBXBuildFile section */
		290FE27F74EF281D101694C9 /* libPods-JJSDWebImage.a in Frameworks */ = {isa = PBXBuildFile; fileRef = 284EFA1840C2FDAB71AB7CCE /* libPods-JJSDWebImage.a */; };
		BA08DCF12017528D00EF0F5E /* AppDelegate.m in Sources */ = {isa = PBXBuildFile; fileRef = BA08DCF02017528D00EF0F5E /* AppDelegate.m */; };
		BA08DCF42017528D00EF0F5E /* ViewController.m in Sources */ = {isa = PBXBuildFile; fileRef = BA08DCF32017528D00EF0F5E /* ViewController.m */; };
		BA08DCF72017528D00EF0F5E /* Main.storyboard in Resources */ = {isa = PBXBuildFile; fileRef = BA08DCF52017528D00EF0F5E /* Main.storyboard */; };
		BA08DCF92017528D00EF0F5E /* Assets.xcassets in Resources */ = {isa = PBXBuildFile; fileRef = BA08DCF82017528D00EF0F5E /* Assets.xcassets */; };
		BA08DCFC2017528D00EF0F5E /* LaunchScreen.storyboard in Resources */ = {isa = PBXBuildFile; fileRef = BA08DCFA2017528D00EF0F5E /* LaunchScreen.storyboard */; };
		BA08DCFF2017528D00EF0F5E /* main.m in Sources */ = {isa = PBXBuildFile; fileRef = BA08DCFE2017528D00EF0F5E /* main.m */; };
		BA08DD092017528E00EF0F5E /* JJSDWebImageTests.m in Sources */ = {isa = PBXBuildFile; fileRef = BA08DD082017528E00EF0F5E /* JJSDWebImageTests.m */; };
		BA08DD142017528E00EF0F5E /* JJSDWebImageUITests.m in Sources */ = {isa = PBXBuildFile; fileRef = BA08DD132017528E00EF0F5E /* JJSDWebImageUITests.m */; };
		BA1D253A20196694001C548B /* HomeViewController.m in Sources */ = {isa = PBXBuildFile; fileRef = BA1D253920196694001C548B /* HomeViewController.m */; };
/* End PBXBuildFile section */

/* Begin PBXContainerItemProxy section */
		BA08DD052017528E00EF0F5E /* PBXContainerItemProxy */ = {
			isa = PBXContainerItemProxy;
			containerPortal = BA08DCE42017528D00EF0F5E /* Project object */;
			proxyType = 1;
			remoteGlobalIDString = BA08DCEB2017528D00EF0F5E;
			remoteInfo = JJSDWebImage;
		};
		BA08DD102017528E00EF0F5E /* PBXContainerItemProxy */ = {
			isa = PBXContainerItemProxy;
			containerPortal = BA08DCE42017528D00EF0F5E /* Project object */;
			proxyType = 1;
			remoteGlobalIDString = BA08DCEB2017528D00EF0F5E;
			remoteInfo = JJSDWebImage;
		};
/* End PBXContainerItemProxy section */

/* Begin PBXFileReference section */
		284EFA1840C2FDAB71AB7CCE /* libPods-JJSDWebImage.a */ = {isa = PBXFileReference; explicitFileType = archive.ar; includeInIndex = 0; path = "libPods-JJSDWebImage.a"; sourceTree = BUILT_PRODUCTS_DIR; };
		394B499C36426278C68DD51D /* Pods-JJSDWebImage.release.xcconfig */ = {isa = PBXFileReference; includeInIndex = 1; lastKnownFileType = text.xcconfig; name = "Pods-JJSDWebImage.release.xcconfig"; path = "Pods/Target Support Files/Pods-JJSDWebImage/Pods-JJSDWebImage.release.xcconfig"; sourceTree = "<group>"; };
		BA08DCEC2017528D00EF0F5E /* JJSDWebImage.app */ = {isa = PBXFileReference; explicitFileType = wrapper.application; includeInIndex = 0; path = JJSDWebImage.app; sourceTree = BUILT_PRODUCTS_DIR; };
		BA08DCEF2017528D00EF0F5E /* AppDelegate.h */ = {isa = PBXFileReference; lastKnownFileType = sourcecode.c.h; path = AppDelegate.h; sourceTree = "<group>"; };
		BA08DCF02017528D00EF0F5E /* AppDelegate.m */ = {isa = PBXFileReference; lastKnownFileType = sourcecode.c.objc; path = AppDelegate.m; sourceTree = "<group>"; };
		BA08DCF22017528D00EF0F5E /* ViewController.h */ = {isa = PBXFileReference; lastKnownFileType = sourcecode.c.h; path = ViewController.h; sourceTree = "<group>"; };
		BA08DCF32017528D00EF0F5E /* ViewController.m */ = {isa = PBXFileReference; lastKnownFileType = sourcecode.c.objc; path = ViewController.m; sourceTree = "<group>"; };
		BA08DCF62017528D00EF0F5E /* Base */ = {isa = PBXFileReference; lastKnownFileType = file.storyboard; name = Base; path = Base.lproj/Main.storyboard; sourceTree = "<group>"; };
		BA08DCF82017528D00EF0F5E /* Assets.xcassets */ = {isa = PBXFileReference; lastKnownFileType = folder.assetcatalog; path = Assets.xcassets; sourceTree = "<group>"; };
		BA08DCFB2017528D00EF0F5E /* Base */ = {isa = PBXFileReference; lastKnownFileType = file.storyboard; name = Base; path = Base.lproj/LaunchScreen.storyboard; sourceTree = "<group>"; };
		BA08DCFD2017528D00EF0F5E /* Info.plist */ = {isa = PBXFileReference; lastKnownFileType = text.plist.xml; path = Info.plist; sourceTree = "<group>"; };
		BA08DCFE2017528D00EF0F5E /* main.m */ = {isa = PBXFileReference; lastKnownFileType = sourcecode.c.objc; path = main.m; sourceTree = "<group>"; };
		BA08DD042017528E00EF0F5E /* JJSDWebImageTests.xctest */ = {isa = PBXFileReference; explicitFileType = wrapper.cfbundle; includeInIndex = 0; path = JJSDWebImageTests.xctest; sourceTree = BUILT_PRODUCTS_DIR; };
		BA08DD082017528E00EF0F5E /* JJSDWebImageTests.m */ = {isa = PBXFileReference; lastKnownFileType = sourcecode.c.objc; path = JJSDWebImageTests.m; sourceTree = "<group>"; };
		BA08DD0A2017528E00EF0F5E /* Info.plist */ = {isa = PBXFileReference; lastKnownFileType = text.plist.xml; path = Info.plist; sourceTree = "<group>"; };
		BA08DD0F2017528E00EF0F5E /* JJSDWebImageUITests.xctest */ = {isa = PBXFileReference; explicitFileType = wrapper.cfbundle; includeInIndex = 0; path = JJSDWebImageUITests.xctest; sourceTree = BUILT_PRODUCTS_DIR; };
		BA08DD132017528E00EF0F5E /* JJSDWebImageUITests.m */ = {isa = PBXFileReference; lastKnownFileType = sourcecode.c.objc; path = JJSDWebImageUITests.m; sourceTree = "<group>"; };
		BA08DD152017528E00EF0F5E /* Info.plist */ = {isa = PBXFileReference; lastKnownFileType = text.plist.xml; path = Info.plist; sourceTree = "<group>"; };
		BA1D253820196694001C548B /* HomeViewController.h */ = {isa = PBXFileReference; lastKnownFileType = sourcecode.c.h; path = HomeViewController.h; sourceTree = "<group>"; };
		BA1D253920196694001C548B /* HomeViewController.m */ = {isa = PBXFileReference; lastKnownFileType = sourcecode.c.objc; path = HomeViewController.m; sourceTree = "<group>"; };
		C1CC829D1EA8F1D3019C7F6D /* Pods-JJSDWebImage.debug.xcconfig */ = {isa = PBXFileReference; includeInIndex = 1; lastKnownFileType = text.xcconfig; name = "Pods-JJSDWebImage.debug.xcconfig"; path = "Pods/Target Support Files/Pods-JJSDWebImage/Pods-JJSDWebImage.debug.xcconfig"; sourceTree = "<group>"; };
/* End PBXFileReference section */

/* Begin PBXFrameworksBuildPhase section */
		BA08DCE92017528D00EF0F5E /* Frameworks */ = {
			isa = PBXFrameworksBuildPhase;
			buildActionMask = 2147483647;
			files = (
				290FE27F74EF281D101694C9 /* libPods-JJSDWebImage.a in Frameworks */,
			);
			runOnlyForDeploymentPostprocessing = 0;
		};
		BA08DD012017528E00EF0F5E /* Frameworks */ = {
			isa = PBXFrameworksBuildPhase;
			buildActionMask = 2147483647;
			files = (
			);
			runOnlyForDeploymentPostprocessing = 0;
		};
		BA08DD0C2017528E00EF0F5E /* Frameworks */ = {
			isa = PBXFrameworksBuildPhase;
			buildActionMask = 2147483647;
			files = (
			);
			runOnlyForDeploymentPostprocessing = 0;
		};
/* End PBXFrameworksBuildPhase section */

/* Begin PBXGroup section */
		356444C064F2EE77D8925AA7 /* Frameworks */ = {
			isa = PBXGroup;
			children = (
				284EFA1840C2FDAB71AB7CCE /* libPods-JJSDWebImage.a */,
			);
			name = Frameworks;
			sourceTree = "<group>";
		};
		BA08DCE32017528D00EF0F5E = {
			isa = PBXGroup;
			children = (
				BA08DCEE2017528D00EF0F5E /* JJSDWebImage */,
				BA08DD072017528E00EF0F5E /* JJSDWebImageTests */,
				BA08DD122017528E00EF0F5E /* JJSDWebImageUITests */,
				BA08DCED2017528D00EF0F5E /* Products */,
				C3199445A324F9D00AB014CB /* Pods */,
				356444C064F2EE77D8925AA7 /* Frameworks */,
			);
			sourceTree = "<group>";
		};
		BA08DCED2017528D00EF0F5E /* Products */ = {
			isa = PBXGroup;
			children = (
				BA08DCEC2017528D00EF0F5E /* JJSDWebImage.app */,
				BA08DD042017528E00EF0F5E /* JJSDWebImageTests.xctest */,
				BA08DD0F2017528E00EF0F5E /* JJSDWebImageUITests.xctest */,
			);
			name = Products;
			sourceTree = "<group>";
		};
		BA08DCEE2017528D00EF0F5E /* JJSDWebImage */ = {
			isa = PBXGroup;
			children = (
				BA08DCEF2017528D00EF0F5E /* AppDelegate.h */,
				BA08DCF02017528D00EF0F5E /* AppDelegate.m */,
				BA08DCF22017528D00EF0F5E /* ViewController.h */,
				BA08DCF32017528D00EF0F5E /* ViewController.m */,
				BA1D253820196694001C548B /* HomeViewController.h */,
				BA1D253920196694001C548B /* HomeViewController.m */,
				BA08DCF52017528D00EF0F5E /* Main.storyboard */,
				BA08DCF82017528D00EF0F5E /* Assets.xcassets */,
				BA08DCFA2017528D00EF0F5E /* LaunchScreen.storyboard */,
				BA08DCFD2017528D00EF0F5E /* Info.plist */,
				BA08DCFE2017528D00EF0F5E /* main.m */,
			);
			path = JJSDWebImage;
			sourceTree = "<group>";
		};
		BA08DD072017528E00EF0F5E /* JJSDWebImageTests */ = {
			isa = PBXGroup;
			children = (
				BA08DD082017528E00EF0F5E /* JJSDWebImageTests.m */,
				BA08DD0A2017528E00EF0F5E /* Info.plist */,
			);
			path = JJSDWebImageTests;
			sourceTree = "<group>";
		};
		BA08DD122017528E00EF0F5E /* JJSDWebImageUITests */ = {
			isa = PBXGroup;
			children = (
				BA08DD132017528E00EF0F5E /* JJSDWebImageUITests.m */,
				BA08DD152017528E00EF0F5E /* Info.plist */,
			);
			path = JJSDWebImageUITests;
			sourceTree = "<group>";
		};
		C3199445A324F9D00AB014CB /* Pods */ = {
			isa = PBXGroup;
			children = (
				C1CC829D1EA8F1D3019C7F6D /* Pods-JJSDWebImage.debug.xcconfig */,
				394B499C36426278C68DD51D /* Pods-JJSDWebImage.release.xcconfig */,
			);
			name = Pods;
			sourceTree = "<group>";
		};
/* End PBXGroup section */

/* Begin PBXNativeTarget section */
		BA08DCEB2017528D00EF0F5E /* JJSDWebImage */ = {
			isa = PBXNativeTarget;
			buildConfigurationList = BA08DD182017528E00EF0F5E /* Build configuration list for PBXNativeTarget "JJSDWebImage" */;
			buildPhases = (
				18252838FC05719B5387912E /* [CP] Check Pods Manifest.lock */,
				BA08DCE82017528D00EF0F5E /* Sources */,
				BA08DCE92017528D00EF0F5E /* Frameworks */,
				BA08DCEA2017528D00EF0F5E /* Resources */,
				87307729C43FE3AABBFC62A9 /* [CP] Embed Pods Frameworks */,
				7D89D87C447EEA817B92872F /* [CP] Copy Pods Resources */,
			);
			buildRules = (
			);
			dependencies = (
			);
			name = JJSDWebImage;
			productName = JJSDWebImage;
			productReference = BA08DCEC2017528D00EF0F5E /* JJSDWebImage.app */;
			productType = "com.apple.product-type.application";
		};
		BA08DD032017528E00EF0F5E /* JJSDWebImageTests */ = {
			isa = PBXNativeTarget;
			buildConfigurationList = BA08DD1B2017528E00EF0F5E /* Build configuration list for PBXNativeTarget "JJSDWebImageTests" */;
			buildPhases = (
				BA08DD002017528E00EF0F5E /* Sources */,
				BA08DD012017528E00EF0F5E /* Frameworks */,
				BA08DD022017528E00EF0F5E /* Resources */,
			);
			buildRules = (
			);
			dependencies = (
				BA08DD062017528E00EF0F5E /* PBXTargetDependency */,
			);
			name = JJSDWebImageTests;
			productName = JJSDWebImageTests;
			productReference = BA08DD042017528E00EF0F5E /* JJSDWebImageTests.xctest */;
			productType = "com.apple.product-type.bundle.unit-test";
		};
		BA08DD0E2017528E00EF0F5E /* JJSDWebImageUITests */ = {
			isa = PBXNativeTarget;
			buildConfigurationList = BA08DD1E2017528E00EF0F5E /* Build configuration list for PBXNativeTarget "JJSDWebImageUITests" */;
			buildPhases = (
				BA08DD0B2017528E00EF0F5E /* Sources */,
				BA08DD0C2017528E00EF0F5E /* Frameworks */,
				BA08DD0D2017528E00EF0F5E /* Resources */,
			);
			buildRules = (
			);
			dependencies = (
				BA08DD112017528E00EF0F5E /* PBXTargetDependency */,
			);
			name = JJSDWebImageUITests;
			productName = JJSDWebImageUITests;
			productReference = BA08DD0F2017528E00EF0F5E /* JJSDWebImageUITests.xctest */;
			productType = "com.apple.product-type.bundle.ui-testing";
		};
/* End PBXNativeTarget section */

/* Begin PBXProject section */
		BA08DCE42017528D00EF0F5E /* Project object */ = {
			isa = PBXProject;
			attributes = {
				LastUpgradeCheck = 0920;
				ORGANIZATIONNAME = JJFly;
				TargetAttributes = {
					BA08DCEB2017528D00EF0F5E = {
						CreatedOnToolsVersion = 9.2;
						ProvisioningStyle = Automatic;
					};
					BA08DD032017528E00EF0F5E = {
						CreatedOnToolsVersion = 9.2;
						ProvisioningStyle = Automatic;
						TestTargetID = BA08DCEB2017528D00EF0F5E;
					};
					BA08DD0E2017528E00EF0F5E = {
						CreatedOnToolsVersion = 9.2;
						ProvisioningStyle = Automatic;
						TestTargetID = BA08DCEB2017528D00EF0F5E;
					};
				};
			};
			buildConfigurationList = BA08DCE72017528D00EF0F5E /* Build configuration list for PBXProject "JJSDWebImage" */;
			compatibilityVersion = "Xcode 8.0";
			developmentRegion = en;
			hasScannedForEncodings = 0;
			knownRegions = (
				en,
				Base,
			);
			mainGroup = BA08DCE32017528D00EF0F5E;
			productRefGroup = BA08DCED2017528D00EF0F5E /* Products */;
			projectDirPath = "";
			projectRoot = "";
			targets = (
				BA08DCEB2017528D00EF0F5E /* JJSDWebImage */,
				BA08DD032017528E00EF0F5E /* JJSDWebImageTests */,
				BA08DD0E2017528E00EF0F5E /* JJSDWebImageUITests */,
			);
		};
/* End PBXProject section */

/* Begin PBXResourcesBuildPhase section */
		BA08DCEA2017528D00EF0F5E /* Resources */ = {
			isa = PBXResourcesBuildPhase;
			buildActionMask = 2147483647;
			files = (
				BA08DCFC2017528D00EF0F5E /* LaunchScreen.storyboard in Resources */,
				BA08DCF92017528D00EF0F5E /* Assets.xcassets in Resources */,
				BA08DCF72017528D00EF0F5E /* Main.storyboard in Resources */,
			);
			runOnlyForDeploymentPostprocessing = 0;
		};
		BA08DD022017528E00EF0F5E /* Resources */ = {
			isa = PBXResourcesBuildPhase;
			buildActionMask = 2147483647;
			files = (
			);
			runOnlyForDeploymentPostprocessing = 0;
		};
		BA08DD0D2017528E00EF0F5E /* Resources */ = {
			isa = PBXResourcesBuildPhase;
			buildActionMask = 2147483647;
			files = (
			);
			runOnlyForDeploymentPostprocessing = 0;
		};
/* End PBXResourcesBuildPhase section */

/* Begin PBXShellScriptBuildPhase section */
		18252838FC05719B5387912E /* [CP] Check Pods Manifest.lock */ = {
			isa = PBXShellScriptBuildPhase;
			buildActionMask = 2147483647;
			files = (
			);
			inputPaths = (
				"${PODS_PODFILE_DIR_PATH}/Podfile.lock",
				"${PODS_ROOT}/Manifest.lock",
			);
			name = "[CP] Check Pods Manifest.lock";
			outputPaths = (
				"$(DERIVED_FILE_DIR)/Pods-JJSDWebImage-checkManifestLockResult.txt",
			);
			runOnlyForDeploymentPostprocessing = 0;
			shellPath = /bin/sh;
			shellScript = "diff \"${PODS_PODFILE_DIR_PATH}/Podfile.lock\" \"${PODS_ROOT}/Manifest.lock\" > /dev/null\nif [ $? != 0 ] ; then\n    # print error to STDERR\n    echo \"error: The sandbox is not in sync with the Podfile.lock. Run 'pod install' or update your CocoaPods installation.\" >&2\n    exit 1\nfi\n# This output is used by Xcode 'outputs' to avoid re-running this script phase.\necho \"SUCCESS\" > \"${SCRIPT_OUTPUT_FILE_0}\"\n";
			showEnvVarsInLog = 0;
		};
		7D89D87C447EEA817B92872F /* [CP] Copy Pods Resources */ = {
			isa = PBXShellScriptBuildPhase;
			buildActionMask = 2147483647;
			files = (
			);
			inputPaths = (
			);
			name = "[CP] Copy Pods Resources";
			outputPaths = (
			);
			runOnlyForDeploymentPostprocessing = 0;
			shellPath = /bin/sh;
			shellScript = "\"${SRCROOT}/Pods/Target Support Files/Pods-JJSDWebImage/Pods-JJSDWebImage-resources.sh\"\n";
			showEnvVarsInLog = 0;
		};
		87307729C43FE3AABBFC62A9 /* [CP] Embed Pods Frameworks */ = {
			isa = PBXShellScriptBuildPhase;
			buildActionMask = 2147483647;
			files = (
			);
			inputPaths = (
				"${SRCROOT}/Pods/Target Support Files/Pods-JJSDWebImage/Pods-JJSDWebImage-frameworks.sh",
				"${BUILT_PRODUCTS_DIR}/Lotusoot/Lotusoot.framework",
				"${BUILT_PRODUCTS_DIR}/SDWebImage/SDWebImage.framework",
			);
			name = "[CP] Embed Pods Frameworks";
			outputPaths = (
				"${TARGET_BUILD_DIR}/${FRAMEWORKS_FOLDER_PATH}/Lotusoot.framework",
				"${TARGET_BUILD_DIR}/${FRAMEWORKS_FOLDER_PATH}/SDWebImage.framework",
			);
			runOnlyForDeploymentPostprocessing = 0;
			shellPath = /bin/sh;
			shellScript = "\"${SRCROOT}/Pods/Target Support Files/Pods-JJSDWebImage/Pods-JJSDWebImage-frameworks.sh\"\n";
			showEnvVarsInLog = 0;
		};
/* End PBXShellScriptBuildPhase section */

/* Begin PBXSourcesBuildPhase section */
		BA08DCE82017528D00EF0F5E /* Sources */ = {
			isa = PBXSourcesBuildPhase;
			buildActionMask = 2147483647;
			files = (
				BA08DCF42017528D00EF0F5E /* ViewController.m in Sources */,
				BA08DCFF2017528D00EF0F5E /* main.m in Sources */,
				BA08DCF12017528D00EF0F5E /* AppDelegate.m in Sources */,
				BA1D253A20196694001C548B /* HomeViewController.m in Sources */,
			);
			runOnlyForDeploymentPostprocessing = 0;
		};
		BA08DD002017528E00EF0F5E /* Sources */ = {
			isa = PBXSourcesBuildPhase;
			buildActionMask = 2147483647;
			files = (
				BA08DD092017528E00EF0F5E /* JJSDWebImageTests.m in Sources */,
			);
			runOnlyForDeploymentPostprocessing = 0;
		};
		BA08DD0B2017528E00EF0F5E /* Sources */ = {
			isa = PBXSourcesBuildPhase;
			buildActionMask = 2147483647;
			files = (
				BA08DD142017528E00EF0F5E /* JJSDWebImageUITests.m in Sources */,
			);
			runOnlyForDeploymentPostprocessing = 0;
		};
/* End PBXSourcesBuildPhase section */

/* Begin PBXTargetDependency section */
		BA08DD062017528E00EF0F5E /* PBXTargetDependency */ = {
			isa = PBXTargetDependency;
			target = BA08DCEB2017528D00EF0F5E /* JJSDWebImage */;
			targetProxy = BA08DD052017528E00EF0F5E /* PBXContainerItemProxy */;
		};
		BA08DD112017528E00EF0F5E /* PBXTargetDependency */ = {
			isa = PBXTargetDependency;
			target = BA08DCEB2017528D00EF0F5E /* JJSDWebImage */;
			targetProxy = BA08DD102017528E00EF0F5E /* PBXContainerItemProxy */;
		};
/* End PBXTargetDependency section */

/* Begin PBXVariantGroup section */
		BA08DCF52017528D00EF0F5E /* Main.storyboard */ = {
			isa = PBXVariantGroup;
			children = (
				BA08DCF62017528D00EF0F5E /* Base */,
			);
			name = Main.storyboard;
			sourceTree = "<group>";
		};
		BA08DCFA2017528D00EF0F5E /* LaunchScreen.storyboard */ = {
			isa = PBXVariantGroup;
			children = (
				BA08DCFB2017528D00EF0F5E /* Base */,
			);
			name = LaunchScreen.storyboard;
			sourceTree = "<group>";
		};
/* End PBXVariantGroup section */

/* Begin XCBuildConfiguration section */
		BA08DD162017528E00EF0F5E /* Debug */ = {
			isa = XCBuildConfiguration;
			buildSettings = {
				ALWAYS_SEARCH_USER_PATHS = NO;
				CLANG_ANALYZER_NONNULL = YES;
				CLANG_ANALYZER_NUMBER_OBJECT_CONVERSION = YES_AGGRESSIVE;
				CLANG_CXX_LANGUAGE_STANDARD = "gnu++14";
				CLANG_CXX_LIBRARY = "libc++";
				CLANG_ENABLE_MODULES = YES;
				CLANG_ENABLE_OBJC_ARC = YES;
				CLANG_WARN_BLOCK_CAPTURE_AUTORELEASING = YES;
				CLANG_WARN_BOOL_CONVERSION = YES;
				CLANG_WARN_COMMA = YES;
				CLANG_WARN_CONSTANT_CONVERSION = YES;
				CLANG_WARN_DIRECT_OBJC_ISA_USAGE = YES_ERROR;
				CLANG_WARN_DOCUMENTATION_COMMENTS = YES;
				CLANG_WARN_EMPTY_BODY = YES;
				CLANG_WARN_ENUM_CONVERSION = YES;
				CLANG_WARN_INFINITE_RECURSION = YES;
				CLANG_WARN_INT_CONVERSION = YES;
				CLANG_WARN_NON_LITERAL_NULL_CONVERSION = YES;
				CLANG_WARN_OBJC_LITERAL_CONVERSION = YES;
				CLANG_WARN_OBJC_ROOT_CLASS = YES_ERROR;
				CLANG_WARN_RANGE_LOOP_ANALYSIS = YES;
				CLANG_WARN_STRICT_PROTOTYPES = YES;
				CLANG_WARN_SUSPICIOUS_MOVE = YES;
				CLANG_WARN_UNGUARDED_AVAILABILITY = YES_AGGRESSIVE;
				CLANG_WARN_UNREACHABLE_CODE = YES;
				CLANG_WARN__DUPLICATE_METHOD_MATCH = YES;
				CODE_SIGN_IDENTITY = "iPhone Developer";
				COPY_PHASE_STRIP = NO;
				DEBUG_INFORMATION_FORMAT = dwarf;
				ENABLE_STRICT_OBJC_MSGSEND = YES;
				ENABLE_TESTABILITY = YES;
				GCC_C_LANGUAGE_STANDARD = gnu11;
				GCC_DYNAMIC_NO_PIC = NO;
				GCC_NO_COMMON_BLOCKS = YES;
				GCC_OPTIMIZATION_LEVEL = 0;
				GCC_PREPROCESSOR_DEFINITIONS = (
					"DEBUG=1",
					"$(inherited)",
				);
				GCC_WARN_64_TO_32_BIT_CONVERSION = YES;
				GCC_WARN_ABOUT_RETURN_TYPE = YES_ERROR;
				GCC_WARN_UNDECLARED_SELECTOR = YES;
				GCC_WARN_UNINITIALIZED_AUTOS = YES_AGGRESSIVE;
				GCC_WARN_UNUSED_FUNCTION = YES;
				GCC_WARN_UNUSED_VARIABLE = YES;
				IPHONEOS_DEPLOYMENT_TARGET = 11.2;
				MTL_ENABLE_DEBUG_INFO = YES;
				ONLY_ACTIVE_ARCH = YES;
				SDKROOT = iphoneos;
			};
			name = Debug;
		};
		BA08DD172017528E00EF0F5E /* Release */ = {
			isa = XCBuildConfiguration;
			buildSettings = {
				ALWAYS_SEARCH_USER_PATHS = NO;
				CLANG_ANALYZER_NONNULL = YES;
				CLANG_ANALYZER_NUMBER_OBJECT_CONVERSION = YES_AGGRESSIVE;
				CLANG_CXX_LANGUAGE_STANDARD = "gnu++14";
				CLANG_CXX_LIBRARY = "libc++";
				CLANG_ENABLE_MODULES = YES;
				CLANG_ENABLE_OBJC_ARC = YES;
				CLANG_WARN_BLOCK_CAPTURE_AUTORELEASING = YES;
				CLANG_WARN_BOOL_CONVERSION = YES;
				CLANG_WARN_COMMA = YES;
				CLANG_WARN_CONSTANT_CONVERSION = YES;
				CLANG_WARN_DIRECT_OBJC_ISA_USAGE = YES_ERROR;
				CLANG_WARN_DOCUMENTATION_COMMENTS = YES;
				CLANG_WARN_EMPTY_BODY = YES;
				CLANG_WARN_ENUM_CONVERSION = YES;
				CLANG_WARN_INFINITE_RECURSION = YES;
				CLANG_WARN_INT_CONVERSION = YES;
				CLANG_WARN_NON_LITERAL_NULL_CONVERSION = YES;
				CLANG_WARN_OBJC_LITERAL_CONVERSION = YES;
				CLANG_WARN_OBJC_ROOT_CLASS = YES_ERROR;
				CLANG_WARN_RANGE_LOOP_ANALYSIS = YES;
				CLANG_WARN_STRICT_PROTOTYPES = YES;
				CLANG_WARN_SUSPICIOUS_MOVE = YES;
				CLANG_WARN_UNGUARDED_AVAILABILITY = YES_AGGRESSIVE;
				CLANG_WARN_UNREACHABLE_CODE = YES;
				CLANG_WARN__DUPLICATE_METHOD_MATCH = YES;
				CODE_SIGN_IDENTITY = "iPhone Developer";
				COPY_PHASE_STRIP = NO;
				DEBUG_INFORMATION_FORMAT = "dwarf-with-dsym";
				ENABLE_NS_ASSERTIONS = NO;
				ENABLE_STRICT_OBJC_MSGSEND = YES;
				GCC_C_LANGUAGE_STANDARD = gnu11;
				GCC_NO_COMMON_BLOCKS = YES;
				GCC_WARN_64_TO_32_BIT_CONVERSION = YES;
				GCC_WARN_ABOUT_RETURN_TYPE = YES_ERROR;
				GCC_WARN_UNDECLARED_SELECTOR = YES;
				GCC_WARN_UNINITIALIZED_AUTOS = YES_AGGRESSIVE;
				GCC_WARN_UNUSED_FUNCTION = YES;
				GCC_WARN_UNUSED_VARIABLE = YES;
				IPHONEOS_DEPLOYMENT_TARGET = 11.2;
				MTL_ENABLE_DEBUG_INFO = NO;
				SDKROOT = iphoneos;
				VALIDATE_PRODUCT = YES;
			};
			name = Release;
		};
		BA08DD192017528E00EF0F5E /* Debug */ = {
			isa = XCBuildConfiguration;
			baseConfigurationReference = C1CC829D1EA8F1D3019C7F6D /* Pods-JJSDWebImage.debug.xcconfig */;
			buildSettings = {
				ASSETCATALOG_COMPILER_APPICON_NAME = AppIcon;
				CODE_SIGN_STYLE = Automatic;
				DEVELOPMENT_TEAM = 567J8UWLT4;
				INFOPLIST_FILE = JJSDWebImage/Info.plist;
				LD_RUNPATH_SEARCH_PATHS = "$(inherited) @executable_path/Frameworks";
				PRODUCT_BUNDLE_IDENTIFIER = JJFly.JJSDWebImage;
				PRODUCT_NAME = "$(TARGET_NAME)";
				TARGETED_DEVICE_FAMILY = "1,2";
			};
			name = Debug;
		};
		BA08DD1A2017528E00EF0F5E /* Release */ = {
			isa = XCBuildConfiguration;
			baseConfigurationReference = 394B499C36426278C68DD51D /* Pods-JJSDWebImage.release.xcconfig */;
			buildSettings = {
				ASSETCATALOG_COMPILER_APPICON_NAME = AppIcon;
				CODE_SIGN_STYLE = Automatic;
				DEVELOPMENT_TEAM = 567J8UWLT4;
				INFOPLIST_FILE = JJSDWebImage/Info.plist;
				LD_RUNPATH_SEARCH_PATHS = "$(inherited) @executable_path/Frameworks";
				PRODUCT_BUNDLE_IDENTIFIER = JJFly.JJSDWebImage;
				PRODUCT_NAME = "$(TARGET_NAME)";
				TARGETED_DEVICE_FAMILY = "1,2";
			};
			name = Release;
		};
		BA08DD1C2017528E00EF0F5E /* Debug */ = {
			isa = XCBuildConfiguration;
			buildSettings = {
				BUNDLE_LOADER = "$(TEST_HOST)";
				CODE_SIGN_STYLE = Automatic;
				DEVELOPMENT_TEAM = 567J8UWLT4;
				INFOPLIST_FILE = JJSDWebImageTests/Info.plist;
				LD_RUNPATH_SEARCH_PATHS = "$(inherited) @executable_path/Frameworks @loader_path/Frameworks";
				PRODUCT_BUNDLE_IDENTIFIER = JJFly.JJSDWebImageTests;
				PRODUCT_NAME = "$(TARGET_NAME)";
				TARGETED_DEVICE_FAMILY = "1,2";
				TEST_HOST = "$(BUILT_PRODUCTS_DIR)/JJSDWebImage.app/JJSDWebImage";
			};
			name = Debug;
		};
		BA08DD1D2017528E00EF0F5E /* Release */ = {
			isa = XCBuildConfiguration;
			buildSettings = {
				BUNDLE_LOADER = "$(TEST_HOST)";
				CODE_SIGN_STYLE = Automatic;
				DEVELOPMENT_TEAM = 567J8UWLT4;
				INFOPLIST_FILE = JJSDWebImageTests/Info.plist;
				LD_RUNPATH_SEARCH_PATHS = "$(inherited) @executable_path/Frameworks @loader_path/Frameworks";
				PRODUCT_BUNDLE_IDENTIFIER = JJFly.JJSDWebImageTests;
				PRODUCT_NAME = "$(TARGET_NAME)";
				TARGETED_DEVICE_FAMILY = "1,2";
				TEST_HOST = "$(BUILT_PRODUCTS_DIR)/JJSDWebImage.app/JJSDWebImage";
			};
			name = Release;
		};
		BA08DD1F2017528E00EF0F5E /* Debug */ = {
			isa = XCBuildConfiguration;
			buildSettings = {
				CODE_SIGN_STYLE = Automatic;
				DEVELOPMENT_TEAM = 567J8UWLT4;
				INFOPLIST_FILE = JJSDWebImageUITests/Info.plist;
				LD_RUNPATH_SEARCH_PATHS = "$(inherited) @executable_path/Frameworks @loader_path/Frameworks";
				PRODUCT_BUNDLE_IDENTIFIER = JJFly.JJSDWebImageUITests;
				PRODUCT_NAME = "$(TARGET_NAME)";
				TARGETED_DEVICE_FAMILY = "1,2";
				TEST_TARGET_NAME = JJSDWebImage;
			};
			name = Debug;
		};
		BA08DD202017528E00EF0F5E /* Release */ = {
			isa = XCBuildConfiguration;
			buildSettings = {
				CODE_SIGN_STYLE = Automatic;
				DEVELOPMENT_TEAM = 567J8UWLT4;
				INFOPLIST_FILE = JJSDWebImageUITests/Info.plist;
				LD_RUNPATH_SEARCH_PATHS = "$(inherited) @executable_path/Frameworks @loader_path/Frameworks";
				PRODUCT_BUNDLE_IDENTIFIER = JJFly.JJSDWebImageUITests;
				PRODUCT_NAME = "$(TARGET_NAME)";
				TARGETED_DEVICE_FAMILY = "1,2";
				TEST_TARGET_NAME = JJSDWebImage;
			};
			name = Release;
		};
/* End XCBuildConfiguration section */

/* Begin XCConfigurationList section */
		BA08DCE72017528D00EF0F5E /* Build configuration list for PBXProject "JJSDWebImage" */ = {
			isa = XCConfigurationList;
			buildConfigurations = (
				BA08DD162017528E00EF0F5E /* Debug */,
				BA08DD172017528E00EF0F5E /* Release */,
			);
			defaultConfigurationIsVisible = 0;
			defaultConfigurationName = Release;
		};
		BA08DD182017528E00EF0F5E /* Build configuration list for PBXNativeTarget "JJSDWebImage" */ = {
			isa = XCConfigurationList;
			buildConfigurations = (
				BA08DD192017528E00EF0F5E /* Debug */,
				BA08DD1A2017528E00EF0F5E /* Release */,
			);
			defaultConfigurationIsVisible = 0;
			defaultConfigurationName = Release;
		};
		BA08DD1B2017528E00EF0F5E /* Build configuration list for PBXNativeTarget "JJSDWebImageTests" */ = {
			isa = XCConfigurationList;
			buildConfigurations = (
				BA08DD1C2017528E00EF0F5E /* Debug */,
				BA08DD1D2017528E00EF0F5E /* Release */,
			);
			defaultConfigurationIsVisible = 0;
			defaultConfigurationName = Release;
		};
		BA08DD1E2017528E00EF0F5E /* Build configuration list for PBXNativeTarget "JJSDWebImageUITests" */ = {
			isa = XCConfigurationList;
			buildConfigurations = (
				BA08DD1F2017528E00EF0F5E /* Debug */,
				BA08DD202017528E00EF0F5E /* Release */,
			);
			defaultConfigurationIsVisible = 0;
			defaultConfigurationName = Release;
		};
/* End XCConfigurationList section */
	};
	rootObject = BA08DCE42017528D00EF0F5E /* Project object */;
}
