// !$*UTF8*$!
{
	archiveVersion = 1;
	classes = {
	};
	objectVersion = 46;
	objects = {

/* Begin PBXBuildFile section */
		441409981D78A7995B264C56 /* libPods-MasonryDemo.a in Frameworks */ = {isa = PBXBuildFile; fileRef = 9477293021142AE92604882F /* libPods-MasonryDemo.a */; };
		52E101991D2D039B00406AD5 /* main.m in Sources */ = {isa = PBXBuildFile; fileRef = 52E101981D2D039B00406AD5 /* main.m */; };
		52E1019C1D2D039B00406AD5 /* AppDelegate.m in Sources */ = {isa = PBXBuildFile; fileRef = 52E1019B1D2D039B00406AD5 /* AppDelegate.m */; };
		52E1019F1D2D039B00406AD5 /* ViewController.m in Sources */ = {isa = PBXBuildFile; fileRef = 52E1019E1D2D039B00406AD5 /* ViewController.m */; };
		52E101A21D2D039B00406AD5 /* Main.storyboard in Resources */ = {isa = PBXBuildFile; fileRef = 52E101A01D2D039B00406AD5 /* Main.storyboard */; };
		52E101A41D2D039B00406AD5 /* Assets.xcassets in Resources */ = {isa = PBXBuildFile; fileRef = 52E101A31D2D039B00406AD5 /* Assets.xcassets */; };
		52E101A71D2D039B00406AD5 /* LaunchScreen.storyboard in Resources */ = {isa = PBXBuildFile; fileRef = 52E101A51D2D039B00406AD5 /* LaunchScreen.storyboard */; };
		52E101B21D2D039B00406AD5 /* MasonryDemoTests.m in Sources */ = {isa = PBXBuildFile; fileRef = 52E101B11D2D039B00406AD5 /* MasonryDemoTests.m */; };
		52E101BD1D2D039B00406AD5 /* MasonryDemoUITests.m in Sources */ = {isa = PBXBuildFile; fileRef = 52E101BC1D2D039B00406AD5 /* MasonryDemoUITests.m */; };
/* End PBXBuildFile section */

/* Begin PBXContainerItemProxy section */
		52E101AE1D2D039B00406AD5 /* PBXContainerItemProxy */ = {
			isa = PBXContainerItemProxy;
			containerPortal = 52E1018C1D2D039B00406AD5 /* Project object */;
			proxyType = 1;
			remoteGlobalIDString = 52E101931D2D039B00406AD5;
			remoteInfo = MasonryDemo;
		};
		52E101B91D2D039B00406AD5 /* PBXContainerItemProxy */ = {
			isa = PBXContainerItemProxy;
			containerPortal = 52E1018C1D2D039B00406AD5 /* Project object */;
			proxyType = 1;
			remoteGlobalIDString = 52E101931D2D039B00406AD5;
			remoteInfo = MasonryDemo;
		};
/* End PBXContainerItemProxy section */

/* Begin PBXFileReference section */
		52E101941D2D039B00406AD5 /* MasonryDemo.app */ = {isa = PBXFileReference; explicitFileType = wrapper.application; includeInIndex = 0; path = MasonryDemo.app; sourceTree = BUILT_PRODUCTS_DIR; };
		52E101981D2D039B00406AD5 /* main.m */ = {isa = PBXFileReference; lastKnownFileType = sourcecode.c.objc; path = main.m; sourceTree = "<group>"; };
		52E1019A1D2D039B00406AD5 /* AppDelegate.h */ = {isa = PBXFileReference; lastKnownFileType = sourcecode.c.h; path = AppDelegate.h; sourceTree = "<group>"; };
		52E1019B1D2D039B00406AD5 /* AppDelegate.m */ = {isa = PBXFileReference; lastKnownFileType = sourcecode.c.objc; path = AppDelegate.m; sourceTree = "<group>"; };
		52E1019D1D2D039B00406AD5 /* ViewController.h */ = {isa = PBXFileReference; lastKnownFileType = sourcecode.c.h; path = ViewController.h; sourceTree = "<group>"; };
		52E1019E1D2D039B00406AD5 /* ViewController.m */ = {isa = PBXFileReference; lastKnownFileType = sourcecode.c.objc; path = ViewController.m; sourceTree = "<group>"; };
		52E101A11D2D039B00406AD5 /* Base */ = {isa = PBXFileReference; lastKnownFileType = file.storyboard; name = Base; path = Base.lproj/Main.storyboard; sourceTree = "<group>"; };
		52E101A31D2D039B00406AD5 /* Assets.xcassets */ = {isa = PBXFileReference; lastKnownFileType = folder.assetcatalog; path = Assets.xcassets; sourceTree = "<group>"; };
		52E101A61D2D039B00406AD5 /* Base */ = {isa = PBXFileReference; lastKnownFileType = file.storyboard; name = Base; path = Base.lproj/LaunchScreen.storyboard; sourceTree = "<group>"; };
		52E101A81D2D039B00406AD5 /* Info.plist */ = {isa = PBXFileReference; lastKnownFileType = text.plist.xml; path = Info.plist; sourceTree = "<group>"; };
		52E101AD1D2D039B00406AD5 /* MasonryDemoTests.xctest */ = {isa = PBXFileReference; explicitFileType = wrapper.cfbundle; includeInIndex = 0; path = MasonryDemoTests.xctest; sourceTree = BUILT_PRODUCTS_DIR; };
		52E101B11D2D039B00406AD5 /* MasonryDemoTests.m */ = {isa = PBXFileReference; lastKnownFileType = sourcecode.c.objc; path = MasonryDemoTests.m; sourceTree = "<group>"; };
		52E101B31D2D039B00406AD5 /* Info.plist */ = {isa = PBXFileReference; lastKnownFileType = text.plist.xml; path = Info.plist; sourceTree = "<group>"; };
		52E101B81D2D039B00406AD5 /* MasonryDemoUITests.xctest */ = {isa = PBXFileReference; explicitFileType = wrapper.cfbundle; includeInIndex = 0; path = MasonryDemoUITests.xctest; sourceTree = BUILT_PRODUCTS_DIR; };
		52E101BC1D2D039B00406AD5 /* MasonryDemoUITests.m */ = {isa = PBXFileReference; lastKnownFileType = sourcecode.c.objc; path = MasonryDemoUITests.m; sourceTree = "<group>"; };
		52E101BE1D2D039B00406AD5 /* Info.plist */ = {isa = PBXFileReference; lastKnownFileType = text.plist.xml; path = Info.plist; sourceTree = "<group>"; };
		6B857758BB79F84AB4CCD43D /* Pods-MasonryDemo.release.xcconfig */ = {isa = PBXFileReference; includeInIndex = 1; lastKnownFileType = text.xcconfig; name = "Pods-MasonryDemo.release.xcconfig"; path = "Pods/Target Support Files/Pods-MasonryDemo/Pods-MasonryDemo.release.xcconfig"; sourceTree = "<group>"; };
		9477293021142AE92604882F /* libPods-MasonryDemo.a */ = {isa = PBXFileReference; explicitFileType = archive.ar; includeInIndex = 0; path = "libPods-MasonryDemo.a"; sourceTree = BUILT_PRODUCTS_DIR; };
		FEC8ADB2A3EEE433AAED4077 /* Pods-MasonryDemo.debug.xcconfig */ = {isa = PBXFileReference; includeInIndex = 1; lastKnownFileType = text.xcconfig; name = "Pods-MasonryDemo.debug.xcconfig"; path = "Pods/Target Support Files/Pods-MasonryDemo/Pods-MasonryDemo.debug.xcconfig"; sourceTree = "<group>"; };
/* End PBXFileReference section */

/* Begin PBXFrameworksBuildPhase section */
		52E101911D2D039B00406AD5 /* Frameworks */ = {
			isa = PBXFrameworksBuildPhase;
			buildActionMask = 2147483647;
			files = (
				441409981D78A7995B264C56 /* libPods-MasonryDemo.a in Frameworks */,
			);
			runOnlyForDeploymentPostprocessing = 0;
		};
		52E101AA1D2D039B00406AD5 /* Frameworks */ = {
			isa = PBXFrameworksBuildPhase;
			buildActionMask = 2147483647;
			files = (
			);
			runOnlyForDeploymentPostprocessing = 0;
		};
		52E101B51D2D039B00406AD5 /* Frameworks */ = {
			isa = PBXFrameworksBuildPhase;
			buildActionMask = 2147483647;
			files = (
			);
			runOnlyForDeploymentPostprocessing = 0;
		};
/* End PBXFrameworksBuildPhase section */

/* Begin PBXGroup section */
		52E1018B1D2D039B00406AD5 = {
			isa = PBXGroup;
			children = (
				52E101961D2D039B00406AD5 /* MasonryDemo */,
				52E101B01D2D039B00406AD5 /* MasonryDemoTests */,
				52E101BB1D2D039B00406AD5 /* MasonryDemoUITests */,
				52E101951D2D039B00406AD5 /* Products */,
				828175F7093AD788419463C7 /* Pods */,
				F0BAF013F53F30FC934F1574 /* Frameworks */,
			);
			sourceTree = "<group>";
		};
		52E101951D2D039B00406AD5 /* Products */ = {
			isa = PBXGroup;
			children = (
				52E101941D2D039B00406AD5 /* MasonryDemo.app */,
				52E101AD1D2D039B00406AD5 /* MasonryDemoTests.xctest */,
				52E101B81D2D039B00406AD5 /* MasonryDemoUITests.xctest */,
			);
			name = Products;
			sourceTree = "<group>";
		};
		52E101961D2D039B00406AD5 /* MasonryDemo */ = {
			isa = PBXGroup;
			children = (
				52E1019A1D2D039B00406AD5 /* AppDelegate.h */,
				52E1019B1D2D039B00406AD5 /* AppDelegate.m */,
				52E1019D1D2D039B00406AD5 /* ViewController.h */,
				52E1019E1D2D039B00406AD5 /* ViewController.m */,
				52E101A01D2D039B00406AD5 /* Main.storyboard */,
				52E101A31D2D039B00406AD5 /* Assets.xcassets */,
				52E101A51D2D039B00406AD5 /* LaunchScreen.storyboard */,
				52E101A81D2D039B00406AD5 /* Info.plist */,
				52E101971D2D039B00406AD5 /* Supporting Files */,
			);
			path = MasonryDemo;
			sourceTree = "<group>";
		};
		52E101971D2D039B00406AD5 /* Supporting Files */ = {
			isa = PBXGroup;
			children = (
				52E101981D2D039B00406AD5 /* main.m */,
			);
			name = "Supporting Files";
			sourceTree = "<group>";
		};
		52E101B01D2D039B00406AD5 /* MasonryDemoTests */ = {
			isa = PBXGroup;
			children = (
				52E101B11D2D039B00406AD5 /* MasonryDemoTests.m */,
				52E101B31D2D039B00406AD5 /* Info.plist */,
			);
			path = MasonryDemoTests;
			sourceTree = "<group>";
		};
		52E101BB1D2D039B00406AD5 /* MasonryDemoUITests */ = {
			isa = PBXGroup;
			children = (
				52E101BC1D2D039B00406AD5 /* MasonryDemoUITests.m */,
				52E101BE1D2D039B00406AD5 /* Info.plist */,
			);
			path = MasonryDemoUITests;
			sourceTree = "<group>";
		};
		828175F7093AD788419463C7 /* Pods */ = {
			isa = PBXGroup;
			children = (
				FEC8ADB2A3EEE433AAED4077 /* Pods-MasonryDemo.debug.xcconfig */,
				6B857758BB79F84AB4CCD43D /* Pods-MasonryDemo.release.xcconfig */,
			);
			name = Pods;
			sourceTree = "<group>";
		};
		F0BAF013F53F30FC934F1574 /* Frameworks */ = {
			isa = PBXGroup;
			children = (
				9477293021142AE92604882F /* libPods-MasonryDemo.a */,
			);
			name = Frameworks;
			sourceTree = "<group>";
		};
/* End PBXGroup section */

/* Begin PBXNativeTarget section */
		52E101931D2D039B00406AD5 /* MasonryDemo */ = {
			isa = PBXNativeTarget;
			buildConfigurationList = 52E101C11D2D039B00406AD5 /* Build configuration list for PBXNativeTarget "MasonryDemo" */;
			buildPhases = (
				E2F8CEFC6E04535A20EACE74 /* [CP] Check Pods Manifest.lock */,
				52E101901D2D039B00406AD5 /* Sources */,
				52E101911D2D039B00406AD5 /* Frameworks */,
				52E101921D2D039B00406AD5 /* Resources */,
				7BB9495E895AA142B48B254E /* [CP] Embed Pods Frameworks */,
				F4F1523B7ED28B1DD3968D4B /* [CP] Copy Pods Resources */,
			);
			buildRules = (
			);
			dependencies = (
			);
			name = MasonryDemo;
			productName = MasonryDemo;
			productReference = 52E101941D2D039B00406AD5 /* MasonryDemo.app */;
			productType = "com.apple.product-type.application";
		};
		52E101AC1D2D039B00406AD5 /* MasonryDemoTests */ = {
			isa = PBXNativeTarget;
			buildConfigurationList = 52E101C41D2D039B00406AD5 /* Build configuration list for PBXNativeTarget "MasonryDemoTests" */;
			buildPhases = (
				52E101A91D2D039B00406AD5 /* Sources */,
				52E101AA1D2D039B00406AD5 /* Frameworks */,
				52E101AB1D2D039B00406AD5 /* Resources */,
			);
			buildRules = (
			);
			dependencies = (
				52E101AF1D2D039B00406AD5 /* PBXTargetDependency */,
			);
			name = MasonryDemoTests;
			productName = MasonryDemoTests;
			productReference = 52E101AD1D2D039B00406AD5 /* MasonryDemoTests.xctest */;
			productType = "com.apple.product-type.bundle.unit-test";
		};
		52E101B71D2D039B00406AD5 /* MasonryDemoUITests */ = {
			isa = PBXNativeTarget;
			buildConfigurationList = 52E101C71D2D039B00406AD5 /* Build configuration list for PBXNativeTarget "MasonryDemoUITests" */;
			buildPhases = (
				52E101B41D2D039B00406AD5 /* Sources */,
				52E101B51D2D039B00406AD5 /* Frameworks */,
				52E101B61D2D039B00406AD5 /* Resources */,
			);
			buildRules = (
			);
			dependencies = (
				52E101BA1D2D039B00406AD5 /* PBXTargetDependency */,
			);
			name = MasonryDemoUITests;
			productName = MasonryDemoUITests;
			productReference = 52E101B81D2D039B00406AD5 /* MasonryDemoUITests.xctest */;
			productType = "com.apple.product-type.bundle.ui-testing";
		};
/* End PBXNativeTarget section */

/* Begin PBXProject section */
		52E1018C1D2D039B00406AD5 /* Project object */ = {
			isa = PBXProject;
			attributes = {
				LastUpgradeCheck = 0730;
				ORGANIZATIONNAME = John;
				TargetAttributes = {
					52E101931D2D039B00406AD5 = {
						CreatedOnToolsVersion = 7.3.1;
					};
					52E101AC1D2D039B00406AD5 = {
						CreatedOnToolsVersion = 7.3.1;
						TestTargetID = 52E101931D2D039B00406AD5;
					};
					52E101B71D2D039B00406AD5 = {
						CreatedOnToolsVersion = 7.3.1;
						TestTargetID = 52E101931D2D039B00406AD5;
					};
				};
			};
			buildConfigurationList = 52E1018F1D2D039B00406AD5 /* Build configuration list for PBXProject "MasonryDemo" */;
			compatibilityVersion = "Xcode 3.2";
			developmentRegion = English;
			hasScannedForEncodings = 0;
			knownRegions = (
				en,
				Base,
			);
			mainGroup = 52E1018B1D2D039B00406AD5;
			productRefGroup = 52E101951D2D039B00406AD5 /* Products */;
			projectDirPath = "";
			projectRoot = "";
			targets = (
				52E101931D2D039B00406AD5 /* MasonryDemo */,
				52E101AC1D2D039B00406AD5 /* MasonryDemoTests */,
				52E101B71D2D039B00406AD5 /* MasonryDemoUITests */,
			);
		};
/* End PBXProject section */

/* Begin PBXResourcesBuildPhase section */
		52E101921D2D039B00406AD5 /* Resources */ = {
			isa = PBXResourcesBuildPhase;
			buildActionMask = 2147483647;
			files = (
				52E101A71D2D039B00406AD5 /* LaunchScreen.storyboard in Resources */,
				52E101A41D2D039B00406AD5 /* Assets.xcassets in Resources */,
				52E101A21D2D039B00406AD5 /* Main.storyboard in Resources */,
			);
			runOnlyForDeploymentPostprocessing = 0;
		};
		52E101AB1D2D039B00406AD5 /* Resources */ = {
			isa = PBXResourcesBuildPhase;
			buildActionMask = 2147483647;
			files = (
			);
			runOnlyForDeploymentPostprocessing = 0;
		};
		52E101B61D2D039B00406AD5 /* Resources */ = {
			isa = PBXResourcesBuildPhase;
			buildActionMask = 2147483647;
			files = (
			);
			runOnlyForDeploymentPostprocessing = 0;
		};
/* End PBXResourcesBuildPhase section */

/* Begin PBXShellScriptBuildPhase section */
		7BB9495E895AA142B48B254E /* [CP] Embed Pods Frameworks */ = {
			isa = PBXShellScriptBuildPhase;
			buildActionMask = 2147483647;
			files = (
			);
			inputPaths = (
			);
			name = "[CP] Embed Pods Frameworks";
			outputPaths = (
			);
			runOnlyForDeploymentPostprocessing = 0;
			shellPath = /bin/sh;
			shellScript = "\"${SRCROOT}/Pods/Target Support Files/Pods-MasonryDemo/Pods-MasonryDemo-frameworks.sh\"\n";
			showEnvVarsInLog = 0;
		};
		E2F8CEFC6E04535A20EACE74 /* [CP] Check Pods Manifest.lock */ = {
			isa = PBXShellScriptBuildPhase;
			buildActionMask = 2147483647;
			files = (
			);
			inputPaths = (
			);
			name = "[CP] Check Pods Manifest.lock";
			outputPaths = (
			);
			runOnlyForDeploymentPostprocessing = 0;
			shellPath = /bin/sh;
			shellScript = "diff \"${PODS_ROOT}/../Podfile.lock\" \"${PODS_ROOT}/Manifest.lock\" > /dev/null\nif [[ $? != 0 ]] ; then\n    cat << EOM\nerror: The sandbox is not in sync with the Podfile.lock. Run 'pod install' or update your CocoaPods installation.\nEOM\n    exit 1\nfi\n";
			showEnvVarsInLog = 0;
		};
		F4F1523B7ED28B1DD3968D4B /* [CP] Copy Pods Resources */ = {
			isa = PBXShellScriptBuildPhase;
			buildActionMask = 2147483647;
			files = (
			);
			inputPaths = (
			);
			name = "[CP] Copy Pods Resources";
			outputPaths = (
			);
			runOnlyForDeploymentPostprocessing = 0;
			shellPath = /bin/sh;
			shellScript = "\"${SRCROOT}/Pods/Target Support Files/Pods-MasonryDemo/Pods-MasonryDemo-resources.sh\"\n";
			showEnvVarsInLog = 0;
		};
/* End PBXShellScriptBuildPhase section */

/* Begin PBXSourcesBuildPhase section */
		52E101901D2D039B00406AD5 /* Sources */ = {
			isa = PBXSourcesBuildPhase;
			buildActionMask = 2147483647;
			files = (
				52E1019F1D2D039B00406AD5 /* ViewController.m in Sources */,
				52E1019C1D2D039B00406AD5 /* AppDelegate.m in Sources */,
				52E101991D2D039B00406AD5 /* main.m in Sources */,
			);
			runOnlyForDeploymentPostprocessing = 0;
		};
		52E101A91D2D039B00406AD5 /* Sources */ = {
			isa = PBXSourcesBuildPhase;
			buildActionMask = 2147483647;
			files = (
				52E101B21D2D039B00406AD5 /* MasonryDemoTests.m in Sources */,
			);
			runOnlyForDeploymentPostprocessing = 0;
		};
		52E101B41D2D039B00406AD5 /* Sources */ = {
			isa = PBXSourcesBuildPhase;
			buildActionMask = 2147483647;
			files = (
				52E101BD1D2D039B00406AD5 /* MasonryDemoUITests.m in Sources */,
			);
			runOnlyForDeploymentPostprocessing = 0;
		};
/* End PBXSourcesBuildPhase section */

/* Begin PBXTargetDependency section */
		52E101AF1D2D039B00406AD5 /* PBXTargetDependency */ = {
			isa = PBXTargetDependency;
			target = 52E101931D2D039B00406AD5 /* MasonryDemo */;
			targetProxy = 52E101AE1D2D039B00406AD5 /* PBXContainerItemProxy */;
		};
		52E101BA1D2D039B00406AD5 /* PBXTargetDependency */ = {
			isa = PBXTargetDependency;
			target = 52E101931D2D039B00406AD5 /* MasonryDemo */;
			targetProxy = 52E101B91D2D039B00406AD5 /* PBXContainerItemProxy */;
		};
/* End PBXTargetDependency section */

/* Begin PBXVariantGroup section */
		52E101A01D2D039B00406AD5 /* Main.storyboard */ = {
			isa = PBXVariantGroup;
			children = (
				52E101A11D2D039B00406AD5 /* Base */,
			);
			name = Main.storyboard;
			sourceTree = "<group>";
		};
		52E101A51D2D039B00406AD5 /* LaunchScreen.storyboard */ = {
			isa = PBXVariantGroup;
			children = (
				52E101A61D2D039B00406AD5 /* Base */,
			);
			name = LaunchScreen.storyboard;
			sourceTree = "<group>";
		};
/* End PBXVariantGroup section */

/* Begin XCBuildConfiguration section */
		52E101BF1D2D039B00406AD5 /* Debug */ = {
			isa = XCBuildConfiguration;
			buildSettings = {
				ALWAYS_SEARCH_USER_PATHS = NO;
				CLANG_ANALYZER_NONNULL = YES;
				CLANG_CXX_LANGUAGE_STANDARD = "gnu++0x";
				CLANG_CXX_LIBRARY = "libc++";
				CLANG_ENABLE_MODULES = YES;
				CLANG_ENABLE_OBJC_ARC = YES;
				CLANG_WARN_BOOL_CONVERSION = YES;
				CLANG_WARN_CONSTANT_CONVERSION = YES;
				CLANG_WARN_DIRECT_OBJC_ISA_USAGE = YES_ERROR;
				CLANG_WARN_EMPTY_BODY = YES;
				CLANG_WARN_ENUM_CONVERSION = YES;
				CLANG_WARN_INT_CONVERSION = YES;
				CLANG_WARN_OBJC_ROOT_CLASS = YES_ERROR;
				CLANG_WARN_UNREACHABLE_CODE = YES;
				CLANG_WARN__DUPLICATE_METHOD_MATCH = YES;
				"CODE_SIGN_IDENTITY[sdk=iphoneos*]" = "iPhone Developer";
				COPY_PHASE_STRIP = NO;
				DEBUG_INFORMATION_FORMAT = dwarf;
				ENABLE_STRICT_OBJC_MSGSEND = YES;
				ENABLE_TESTABILITY = YES;
				GCC_C_LANGUAGE_STANDARD = gnu99;
				GCC_DYNAMIC_NO_PIC = NO;
				GCC_NO_COMMON_BLOCKS = YES;
				GCC_OPTIMIZATION_LEVEL = 0;
				GCC_PREPROCESSOR_DEFINITIONS = (
					"DEBUG=1",
					"$(inherited)",
				);
				GCC_WARN_64_TO_32_BIT_CONVERSION = YES;
				GCC_WARN_ABOUT_RETURN_TYPE = YES_ERROR;
				GCC_WARN_UNDECLARED_SELECTOR = YES;
				GCC_WARN_UNINITIALIZED_AUTOS = YES_AGGRESSIVE;
				GCC_WARN_UNUSED_FUNCTION = YES;
				GCC_WARN_UNUSED_VARIABLE = YES;
				IPHONEOS_DEPLOYMENT_TARGET = 9.3;
				MTL_ENABLE_DEBUG_INFO = YES;
				ONLY_ACTIVE_ARCH = YES;
				SDKROOT = iphoneos;
				TARGETED_DEVICE_FAMILY = "1,2";
			};
			name = Debug;
		};
		52E101C01D2D039B00406AD5 /* Release */ = {
			isa = XCBuildConfiguration;
			buildSettings = {
				ALWAYS_SEARCH_USER_PATHS = NO;
				CLANG_ANALYZER_NONNULL = YES;
				CLANG_CXX_LANGUAGE_STANDARD = "gnu++0x";
				CLANG_CXX_LIBRARY = "libc++";
				CLANG_ENABLE_MODULES = YES;
				CLANG_ENABLE_OBJC_ARC = YES;
				CLANG_WARN_BOOL_CONVERSION = YES;
				CLANG_WARN_CONSTANT_CONVERSION = YES;
				CLANG_WARN_DIRECT_OBJC_ISA_USAGE = YES_ERROR;
				CLANG_WARN_EMPTY_BODY = YES;
				CLANG_WARN_ENUM_CONVERSION = YES;
				CLANG_WARN_INT_CONVERSION = YES;
				CLANG_WARN_OBJC_ROOT_CLASS = YES_ERROR;
				CLANG_WARN_UNREACHABLE_CODE = YES;
				CLANG_WARN__DUPLICATE_METHOD_MATCH = YES;
				"CODE_SIGN_IDENTITY[sdk=iphoneos*]" = "iPhone Developer";
				COPY_PHASE_STRIP = NO;
				DEBUG_INFORMATION_FORMAT = "dwarf-with-dsym";
				ENABLE_NS_ASSERTIONS = NO;
				ENABLE_STRICT_OBJC_MSGSEND = YES;
				GCC_C_LANGUAGE_STANDARD = gnu99;
				GCC_NO_COMMON_BLOCKS = YES;
				GCC_WARN_64_TO_32_BIT_CONVERSION = YES;
				GCC_WARN_ABOUT_RETURN_TYPE = YES_ERROR;
				GCC_WARN_UNDECLARED_SELECTOR = YES;
				GCC_WARN_UNINITIALIZED_AUTOS = YES_AGGRESSIVE;
				GCC_WARN_UNUSED_FUNCTION = YES;
				GCC_WARN_UNUSED_VARIABLE = YES;
				IPHONEOS_DEPLOYMENT_TARGET = 9.3;
				MTL_ENABLE_DEBUG_INFO = NO;
				SDKROOT = iphoneos;
				TARGETED_DEVICE_FAMILY = "1,2";
				VALIDATE_PRODUCT = YES;
			};
			name = Release;
		};
		52E101C21D2D039B00406AD5 /* Debug */ = {
			isa = XCBuildConfiguration;
			baseConfigurationReference = FEC8ADB2A3EEE433AAED4077 /* Pods-MasonryDemo.debug.xcconfig */;
			buildSettings = {
				ASSETCATALOG_COMPILER_APPICON_NAME = AppIcon;
				INFOPLIST_FILE = MasonryDemo/Info.plist;
				LD_RUNPATH_SEARCH_PATHS = "$(inherited) @executable_path/Frameworks";
				PRODUCT_BUNDLE_IDENTIFIER = com.abzeric.MasonryDemo;
				PRODUCT_NAME = "$(TARGET_NAME)";
			};
			name = Debug;
		};
		52E101C31D2D039B00406AD5 /* Release */ = {
			isa = XCBuildConfiguration;
			baseConfigurationReference = 6B857758BB79F84AB4CCD43D /* Pods-MasonryDemo.release.xcconfig */;
			buildSettings = {
				ASSETCATALOG_COMPILER_APPICON_NAME = AppIcon;
				INFOPLIST_FILE = MasonryDemo/Info.plist;
				LD_RUNPATH_SEARCH_PATHS = "$(inherited) @executable_path/Frameworks";
				PRODUCT_BUNDLE_IDENTIFIER = com.abzeric.MasonryDemo;
				PRODUCT_NAME = "$(TARGET_NAME)";
			};
			name = Release;
		};
		52E101C51D2D039B00406AD5 /* Debug */ = {
			isa = XCBuildConfiguration;
			buildSettings = {
				BUNDLE_LOADER = "$(TEST_HOST)";
				INFOPLIST_FILE = MasonryDemoTests/Info.plist;
				LD_RUNPATH_SEARCH_PATHS = "$(inherited) @executable_path/Frameworks @loader_path/Frameworks";
				PRODUCT_BUNDLE_IDENTIFIER = com.abzeric.MasonryDemoTests;
				PRODUCT_NAME = "$(TARGET_NAME)";
				TEST_HOST = "$(BUILT_PRODUCTS_DIR)/MasonryDemo.app/MasonryDemo";
			};
			name = Debug;
		};
		52E101C61D2D039B00406AD5 /* Release */ = {
			isa = XCBuildConfiguration;
			buildSettings = {
				BUNDLE_LOADER = "$(TEST_HOST)";
				INFOPLIST_FILE = MasonryDemoTests/Info.plist;
				LD_RUNPATH_SEARCH_PATHS = "$(inherited) @executable_path/Frameworks @loader_path/Frameworks";
				PRODUCT_BUNDLE_IDENTIFIER = com.abzeric.MasonryDemoTests;
				PRODUCT_NAME = "$(TARGET_NAME)";
				TEST_HOST = "$(BUILT_PRODUCTS_DIR)/MasonryDemo.app/MasonryDemo";
			};
			name = Release;
		};
		52E101C81D2D039B00406AD5 /* Debug */ = {
			isa = XCBuildConfiguration;
			buildSettings = {
				INFOPLIST_FILE = MasonryDemoUITests/Info.plist;
				LD_RUNPATH_SEARCH_PATHS = "$(inherited) @executable_path/Frameworks @loader_path/Frameworks";
				PRODUCT_BUNDLE_IDENTIFIER = com.abzeric.MasonryDemoUITests;
				PRODUCT_NAME = "$(TARGET_NAME)";
				TEST_TARGET_NAME = MasonryDemo;
			};
			name = Debug;
		};
		52E101C91D2D039B00406AD5 /* Release */ = {
			isa = XCBuildConfiguration;
			buildSettings = {
				INFOPLIST_FILE = MasonryDemoUITests/Info.plist;
				LD_RUNPATH_SEARCH_PATHS = "$(inherited) @executable_path/Frameworks @loader_path/Frameworks";
				PRODUCT_BUNDLE_IDENTIFIER = com.abzeric.MasonryDemoUITests;
				PRODUCT_NAME = "$(TARGET_NAME)";
				TEST_TARGET_NAME = MasonryDemo;
			};
			name = Release;
		};
/* End XCBuildConfiguration section */

/* Begin XCConfigurationList section */
		52E1018F1D2D039B00406AD5 /* Build configuration list for PBXProject "MasonryDemo" */ = {
			isa = XCConfigurationList;
			buildConfigurations = (
				52E101BF1D2D039B00406AD5 /* Debug */,
				52E101C01D2D039B00406AD5 /* Release */,
			);
			defaultConfigurationIsVisible = 0;
			defaultConfigurationName = Release;
		};
		52E101C11D2D039B00406AD5 /* Build configuration list for PBXNativeTarget "MasonryDemo" */ = {
			isa = XCConfigurationList;
			buildConfigurations = (
				52E101C21D2D039B00406AD5 /* Debug */,
				52E101C31D2D039B00406AD5 /* Release */,
			);
			defaultConfigurationIsVisible = 0;
			defaultConfigurationName = Release;
		};
		52E101C41D2D039B00406AD5 /* Build configuration list for PBXNativeTarget "MasonryDemoTests" */ = {
			isa = XCConfigurationList;
			buildConfigurations = (
				52E101C51D2D039B00406AD5 /* Debug */,
				52E101C61D2D039B00406AD5 /* Release */,
			);
			defaultConfigurationIsVisible = 0;
			defaultConfigurationName = Release;
		};
		52E101C71D2D039B00406AD5 /* Build configuration list for PBXNativeTarget "MasonryDemoUITests" */ = {
			isa = XCConfigurationList;
			buildConfigurations = (
				52E101C81D2D039B00406AD5 /* Debug */,
				52E101C91D2D039B00406AD5 /* Release */,
			);
			defaultConfigurationIsVisible = 0;
			defaultConfigurationName = Release;
		};
/* End XCConfigurationList section */
	};
	rootObject = 52E1018C1D2D039B00406AD5 /* Project object */;
}
